PODS:
  - Alamofire (4.8.2)
  - Differentiator (3.1.0)
  - Kingfisher (5.3.1)
  - PullToRefresher (3.1)
  - Reachability (3.2)
  - Realm (3.12.0):
    - Realm/Headers (= 3.12.0)
  - Realm/Headers (3.12.0)
  - RealmSwift (3.12.0):
    - Realm (= 3.12.0)
  - RxAtomic (4.4.2)
  - RxBlocking (4.4.1):
    - RxAtomic (~> 4.4)
    - RxSwift (~> 4.0)
  - RxCocoa (4.4.1):
    - RxSwift (~> 4.0)
  - RxDataSources (3.1.0):
    - Differentiator (~> 3.0)
    - RxCocoa (~> 4.0)
    - RxSwift (~> 4.0)
  - RxRealm (0.7.6):
    - RealmSwift (~> 3.0)
    - RxSwift (~> 4.0)
  - RxRealmDataSources (0.2.10):
    - RealmSwift (~> 3.10)
    - RxCocoa (~> 4.0)
    - RxRealm (~> 0.7.6)
    - RxSwift (~> 4.0)
  - RxSwift (4.4.1):
    - RxAtomic (~> 4.4)
  - RxTest (4.4.1):
    - RxAtomic (~> 4.4)
    - RxSwift (~> 4.0)
  - SnapKit (5.0.0)
  - Then (2.2.1)
  - Unbox (3.0.0)

DEPENDENCIES:
  - Alamofire
  - Kingfisher
  - PullToRefresher
  - Reachability (= 3.2.0)
  - RealmSwift (= 3.12.0)
  - RxBlocking (= 4.4.1)
  - RxCocoa (= 4.4.1)
  - RxDataSources (= 3.1.0)
  - RxRealm (= 0.7.6)
  - RxRealmDataSources (= 0.2.10)
  - RxSwift (= 4.4.1)
  - RxTest (= 4.4.1)
  - SnapKit (~> 5.0.0)
  - Then (= 2.2.1)
  - Unbox (= 3.0.0)

SPEC REPOS:
  https://github.com/cocoapods/specs.git:
    - Alamofire
    - Differentiator
    - Kingfisher
    - PullToRefresher
    - Reachability
    - Realm
    - RealmSwift
    - RxAtomic
    - RxBlocking
    - RxCocoa
    - RxDataSources
    - RxRealm
    - RxRealmDataSources
    - RxSwift
    - RxTest
    - SnapKit
    - Then
    - Unbox

SPEC CHECKSUMS:
  Alamofire: ae5c501addb7afdbb13687d7f2f722c78734c2d3
  Differentiator: be49ca3408f0ecfc761e4c7763d20c62be01b9ad
  Kingfisher: d9e7e0b209b59b8f9873aa2f37654e81a7beea51
  PullToRefresher: ec8c1942bd61bb512ff520c49f9f00903cfa86c7
  Reachability: 33e18b67625424e47b6cde6d202dce689ad7af96
  Realm: cdaef23c4ddb36ab1ddffed23f5a7f3332fc5585
  RealmSwift: 5576324033f0aa5ef1e0a839a3da2281dff47a7f
  RxAtomic: d00e97c10db88c6f08540e0bf2752fc5a2404167
  RxBlocking: 5508e90d36ca2304632dc9378ece4e9b5d4bf656
  RxCocoa: 2f35a76bf8887872e28a1914112395b11b8e0e64
  RxDataSources: a843bad90c29817f5923ec8163f4af2de084ceb3
  RxRealm: 5379eddd74f8d617ca7681d1f8d144af25b432b0
  RxRealmDataSources: 89b61c0d3edf7769da2a6bf4dcf317bc713394db
  RxSwift: 92fcf68dfef21f3e2ab1965363d9e7b3d787597e
  RxTest: f8e548755ca3c7502dc41c7d3b28802c90115a38
  SnapKit: fd22d10eb9aff484d79a8724eab922c1ddf89bcf
  Then: 665607ef49c6c3f66c722cd02b7b53745a622f49
  Unbox: 9ed33b2a31f7a8a049f54b94d40c4a52a28c4d9d

PODFILE CHECKSUM: 6d657556d38698075dfcf2cb874e0775bc5db6a6

COCOAPODS: 1.7.5
