// !$*UTF8*$!
{
	archiveVersion = 1;
	classes = {
	};
	objectVersion = 50;
	objects = {

/* Begin PBXBuildFile section */
		A6C08A11241F9F0300C6863B /* AppDelegate.swift in Sources */ = {isa = PBXBuildFile; fileRef = A6C08A10241F9F0300C6863B /* AppDelegate.swift */; };
		A6C08A13241F9F0300C6863B /* SceneDelegate.swift in Sources */ = {isa = PBXBuildFile; fileRef = A6C08A12241F9F0300C6863B /* SceneDelegate.swift */; };
		A6C08A15241F9F0300C6863B /* ViewController.swift in Sources */ = {isa = PBXBuildFile; fileRef = A6C08A14241F9F0300C6863B /* ViewController.swift */; };
		A6C08A18241F9F0300C6863B /* Main.storyboard in Resources */ = {isa = PBXBuildFile; fileRef = A6C08A16241F9F0300C6863B /* Main.storyboard */; };
		A6C08A1A241F9F0600C6863B /* Assets.xcassets in Resources */ = {isa = PBXBuildFile; fileRef = A6C08A19241F9F0600C6863B /* Assets.xcassets */; };
		A6C08A1D241F9F0600C6863B /* LaunchScreen.storyboard in Resources */ = {isa = PBXBuildFile; fileRef = A6C08A1B241F9F0600C6863B /* LaunchScreen.storyboard */; };
		A6C08A28241F9F0700C6863B /* DwPupuTests.swift in Sources */ = {isa = PBXBuildFile; fileRef = A6C08A27241F9F0700C6863B /* DwPupuTests.swift */; };
		A6C08A33241F9F0700C6863B /* DwPupuUITests.swift in Sources */ = {isa = PBXBuildFile; fileRef = A6C08A32241F9F0700C6863B /* DwPupuUITests.swift */; };
/* End PBXBuildFile section */

/* Begin PBXContainerItemProxy section */
		A6C08A24241F9F0700C6863B /* PBXContainerItemProxy */ = {
			isa = PBXContainerItemProxy;
			containerPortal = A6C08A05241F9F0300C6863B /* Project object */;
			proxyType = 1;
			remoteGlobalIDString = A6C08A0C241F9F0300C6863B;
			remoteInfo = DwPupu;
		};
		A6C08A2F241F9F0700C6863B /* PBXContainerItemProxy */ = {
			isa = PBXContainerItemProxy;
			containerPortal = A6C08A05241F9F0300C6863B /* Project object */;
			proxyType = 1;
			remoteGlobalIDString = A6C08A0C241F9F0300C6863B;
			remoteInfo = DwPupu;
		};
/* End PBXContainerItemProxy section */

/* Begin PBXFileReference section */
		A6C08A0D241F9F0300C6863B /* DwPupu.app */ = {isa = PBXFileReference; explicitFileType = wrapper.application; includeInIndex = 0; path = DwPupu.app; sourceTree = BUILT_PRODUCTS_DIR; };
		A6C08A10241F9F0300C6863B /* AppDelegate.swift */ = {isa = PBXFileReference; lastKnownFileType = sourcecode.swift; path = AppDelegate.swift; sourceTree = "<group>"; };
		A6C08A12241F9F0300C6863B /* SceneDelegate.swift */ = {isa = PBXFileReference; lastKnownFileType = sourcecode.swift; path = SceneDelegate.swift; sourceTree = "<group>"; };
		A6C08A14241F9F0300C6863B /* ViewController.swift */ = {isa = PBXFileReference; lastKnownFileType = sourcecode.swift; path = ViewController.swift; sourceTree = "<group>"; };
		A6C08A17241F9F0300C6863B /* Base */ = {isa = PBXFileReference; lastKnownFileType = file.storyboard; name = Base; path = Base.lproj/Main.storyboard; sourceTree = "<group>"; };
		A6C08A19241F9F0600C6863B /* Assets.xcassets */ = {isa = PBXFileReference; lastKnownFileType = folder.assetcatalog; path = Assets.xcassets; sourceTree = "<group>"; };
		A6C08A1C241F9F0600C6863B /* Base */ = {isa = PBXFileReference; lastKnownFileType = file.storyboard; name = Base; path = Base.lproj/LaunchScreen.storyboard; sourceTree = "<group>"; };
		A6C08A1E241F9F0600C6863B /* Info.plist */ = {isa = PBXFileReference; lastKnownFileType = text.plist.xml; path = Info.plist; sourceTree = "<group>"; };
		A6C08A23241F9F0700C6863B /* DwPupuTests.xctest */ = {isa = PBXFileReference; explicitFileType = wrapper.cfbundle; includeInIndex = 0; path = DwPupuTests.xctest; sourceTree = BUILT_PRODUCTS_DIR; };
		A6C08A27241F9F0700C6863B /* DwPupuTests.swift */ = {isa = PBXFileReference; lastKnownFileType = sourcecode.swift; path = DwPupuTests.swift; sourceTree = "<group>"; };
		A6C08A29241F9F0700C6863B /* Info.plist */ = {isa = PBXFileReference; lastKnownFileType = text.plist.xml; path = Info.plist; sourceTree = "<group>"; };
		A6C08A2E241F9F0700C6863B /* DwPupuUITests.xctest */ = {isa = PBXFileReference; explicitFileType = wrapper.cfbundle; includeInIndex = 0; path = DwPupuUITests.xctest; sourceTree = BUILT_PRODUCTS_DIR; };
		A6C08A32241F9F0700C6863B /* DwPupuUITests.swift */ = {isa = PBXFileReference; lastKnownFileType = sourcecode.swift; path = DwPupuUITests.swift; sourceTree = "<group>"; };
		A6C08A34241F9F0700C6863B /* Info.plist */ = {isa = PBXFileReference; lastKnownFileType = text.plist.xml; path = Info.plist; sourceTree = "<group>"; };
/* End PBXFileReference section */

/* Begin PBXFrameworksBuildPhase section */
		A6C08A0A241F9F0300C6863B /* Frameworks */ = {
			isa = PBXFrameworksBuildPhase;
			buildActionMask = 2147483647;
			files = (
			);
			runOnlyForDeploymentPostprocessing = 0;
		};
		A6C08A20241F9F0700C6863B /* Frameworks */ = {
			isa = PBXFrameworksBuildPhase;
			buildActionMask = 2147483647;
			files = (
			);
			runOnlyForDeploymentPostprocessing = 0;
		};
		A6C08A2B241F9F0700C6863B /* Frameworks */ = {
			isa = PBXFrameworksBuildPhase;
			buildActionMask = 2147483647;
			files = (
			);
			runOnlyForDeploymentPostprocessing = 0;
		};
/* End PBXFrameworksBuildPhase section */

/* Begin PBXGroup section */
		A6C08A04241F9F0300C6863B = {
			isa = PBXGroup;
			children = (
				A6C08A0F241F9F0300C6863B /* DwPupu */,
				A6C08A26241F9F0700C6863B /* DwPupuTests */,
				A6C08A31241F9F0700C6863B /* DwPupuUITests */,
				A6C08A0E241F9F0300C6863B /* Products */,
			);
			sourceTree = "<group>";
		};
		A6C08A0E241F9F0300C6863B /* Products */ = {
			isa = PBXGroup;
			children = (
				A6C08A0D241F9F0300C6863B /* DwPupu.app */,
				A6C08A23241F9F0700C6863B /* DwPupuTests.xctest */,
				A6C08A2E241F9F0700C6863B /* DwPupuUITests.xctest */,
			);
			name = Products;
			sourceTree = "<group>";
		};
		A6C08A0F241F9F0300C6863B /* DwPupu */ = {
			isa = PBXGroup;
			children = (
				A6C08A10241F9F0300C6863B /* AppDelegate.swift */,
				A6C08A12241F9F0300C6863B /* SceneDelegate.swift */,
				A6C08A14241F9F0300C6863B /* ViewController.swift */,
				A6C08A16241F9F0300C6863B /* Main.storyboard */,
				A6C08A19241F9F0600C6863B /* Assets.xcassets */,
				A6C08A1B241F9F0600C6863B /* LaunchScreen.storyboard */,
				A6C08A1E241F9F0600C6863B /* Info.plist */,
			);
			path = DwPupu;
			sourceTree = "<group>";
		};
		A6C08A26241F9F0700C6863B /* DwPupuTests */ = {
			isa = PBXGroup;
			children = (
				A6C08A27241F9F0700C6863B /* DwPupuTests.swift */,
				A6C08A29241F9F0700C6863B /* Info.plist */,
			);
			path = DwPupuTests;
			sourceTree = "<group>";
		};
		A6C08A31241F9F0700C6863B /* DwPupuUITests */ = {
			isa = PBXGroup;
			children = (
				A6C08A32241F9F0700C6863B /* DwPupuUITests.swift */,
				A6C08A34241F9F0700C6863B /* Info.plist */,
			);
			path = DwPupuUITests;
			sourceTree = "<group>";
		};
/* End PBXGroup section */

/* Begin PBXNativeTarget section */
		A6C08A0C241F9F0300C6863B /* DwPupu */ = {
			isa = PBXNativeTarget;
			buildConfigurationList = A6C08A37241F9F0700C6863B /* Build configuration list for PBXNativeTarget "DwPupu" */;
			buildPhases = (
				A6C08A09241F9F0300C6863B /* Sources */,
				A6C08A0A241F9F0300C6863B /* Frameworks */,
				A6C08A0B241F9F0300C6863B /* Resources */,
			);
			buildRules = (
			);
			dependencies = (
			);
			name = DwPupu;
			productName = DwPupu;
			productReference = A6C08A0D241F9F0300C6863B /* DwPupu.app */;
			productType = "com.apple.product-type.application";
		};
		A6C08A22241F9F0700C6863B /* DwPupuTests */ = {
			isa = PBXNativeTarget;
			buildConfigurationList = A6C08A3A241F9F0700C6863B /* Build configuration list for PBXNativeTarget "DwPupuTests" */;
			buildPhases = (
				A6C08A1F241F9F0700C6863B /* Sources */,
				A6C08A20241F9F0700C6863B /* Frameworks */,
				A6C08A21241F9F0700C6863B /* Resources */,
			);
			buildRules = (
			);
			dependencies = (
				A6C08A25241F9F0700C6863B /* PBXTargetDependency */,
			);
			name = DwPupuTests;
			productName = DwPupuTests;
			productReference = A6C08A23241F9F0700C6863B /* DwPupuTests.xctest */;
			productType = "com.apple.product-type.bundle.unit-test";
		};
		A6C08A2D241F9F0700C6863B /* DwPupuUITests */ = {
			isa = PBXNativeTarget;
			buildConfigurationList = A6C08A3D241F9F0700C6863B /* Build configuration list for PBXNativeTarget "DwPupuUITests" */;
			buildPhases = (
				A6C08A2A241F9F0700C6863B /* Sources */,
				A6C08A2B241F9F0700C6863B /* Frameworks */,
				A6C08A2C241F9F0700C6863B /* Resources */,
			);
			buildRules = (
			);
			dependencies = (
				A6C08A30241F9F0700C6863B /* PBXTargetDependency */,
			);
			name = DwPupuUITests;
			productName = DwPupuUITests;
			productReference = A6C08A2E241F9F0700C6863B /* DwPupuUITests.xctest */;
			productType = "com.apple.product-type.bundle.ui-testing";
		};
/* End PBXNativeTarget section */

/* Begin PBXProject section */
		A6C08A05241F9F0300C6863B /* Project object */ = {
			isa = PBXProject;
			attributes = {
				LastSwiftUpdateCheck = 1130;
				LastUpgradeCheck = 1130;
				ORGANIZATIONNAME = davidandty;
				TargetAttributes = {
					A6C08A0C241F9F0300C6863B = {
						CreatedOnToolsVersion = 11.3;
					};
					A6C08A22241F9F0700C6863B = {
						CreatedOnToolsVersion = 11.3;
						TestTargetID = A6C08A0C241F9F0300C6863B;
					};
					A6C08A2D241F9F0700C6863B = {
						CreatedOnToolsVersion = 11.3;
						TestTargetID = A6C08A0C241F9F0300C6863B;
					};
				};
			};
			buildConfigurationList = A6C08A08241F9F0300C6863B /* Build configuration list for PBXProject "DwPupu" */;
			compatibilityVersion = "Xcode 9.3";
			developmentRegion = en;
			hasScannedForEncodings = 0;
			knownRegions = (
				en,
				Base,
			);
			mainGroup = A6C08A04241F9F0300C6863B;
			productRefGroup = A6C08A0E241F9F0300C6863B /* Products */;
			projectDirPath = "";
			projectRoot = "";
			targets = (
				A6C08A0C241F9F0300C6863B /* DwPupu */,
				A6C08A22241F9F0700C6863B /* DwPupuTests */,
				A6C08A2D241F9F0700C6863B /* DwPupuUITests */,
			);
		};
/* End PBXProject section */

/* Begin PBXResourcesBuildPhase section */
		A6C08A0B241F9F0300C6863B /* Resources */ = {
			isa = PBXResourcesBuildPhase;
			buildActionMask = 2147483647;
			files = (
				A6C08A1D241F9F0600C6863B /* LaunchScreen.storyboard in Resources */,
				A6C08A1A241F9F0600C6863B /* Assets.xcassets in Resources */,
				A6C08A18241F9F0300C6863B /* Main.storyboard in Resources */,
			);
			runOnlyForDeploymentPostprocessing = 0;
		};
		A6C08A21241F9F0700C6863B /* Resources */ = {
			isa = PBXResourcesBuildPhase;
			buildActionMask = 2147483647;
			files = (
			);
			runOnlyForDeploymentPostprocessing = 0;
		};
		A6C08A2C241F9F0700C6863B /* Resources */ = {
			isa = PBXResourcesBuildPhase;
			buildActionMask = 2147483647;
			files = (
			);
			runOnlyForDeploymentPostprocessing = 0;
		};
/* End PBXResourcesBuildPhase section */

/* Begin PBXSourcesBuildPhase section */
		A6C08A09241F9F0300C6863B /* Sources */ = {
			isa = PBXSourcesBuildPhase;
			buildActionMask = 2147483647;
			files = (
				A6C08A15241F9F0300C6863B /* ViewController.swift in Sources */,
				A6C08A11241F9F0300C6863B /* AppDelegate.swift in Sources */,
				A6C08A13241F9F0300C6863B /* SceneDelegate.swift in Sources */,
			);
			runOnlyForDeploymentPostprocessing = 0;
		};
		A6C08A1F241F9F0700C6863B /* Sources */ = {
			isa = PBXSourcesBuildPhase;
			buildActionMask = 2147483647;
			files = (
				A6C08A28241F9F0700C6863B /* DwPupuTests.swift in Sources */,
			);
			runOnlyForDeploymentPostprocessing = 0;
		};
		A6C08A2A241F9F0700C6863B /* Sources */ = {
			isa = PBXSourcesBuildPhase;
			buildActionMask = 2147483647;
			files = (
				A6C08A33241F9F0700C6863B /* DwPupuUITests.swift in Sources */,
			);
			runOnlyForDeploymentPostprocessing = 0;
		};
/* End PBXSourcesBuildPhase section */

/* Begin PBXTargetDependency section */
		A6C08A25241F9F0700C6863B /* PBXTargetDependency */ = {
			isa = PBXTargetDependency;
			target = A6C08A0C241F9F0300C6863B /* DwPupu */;
			targetProxy = A6C08A24241F9F0700C6863B /* PBXContainerItemProxy */;
		};
		A6C08A30241F9F0700C6863B /* PBXTargetDependency */ = {
			isa = PBXTargetDependency;
			target = A6C08A0C241F9F0300C6863B /* DwPupu */;
			targetProxy = A6C08A2F241F9F0700C6863B /* PBXContainerItemProxy */;
		};
/* End PBXTargetDependency section */

/* Begin PBXVariantGroup section */
		A6C08A16241F9F0300C6863B /* Main.storyboard */ = {
			isa = PBXVariantGroup;
			children = (
				A6C08A17241F9F0300C6863B /* Base */,
			);
			name = Main.storyboard;
			sourceTree = "<group>";
		};
		A6C08A1B241F9F0600C6863B /* LaunchScreen.storyboard */ = {
			isa = PBXVariantGroup;
			children = (
				A6C08A1C241F9F0600C6863B /* Base */,
			);
			name = LaunchScreen.storyboard;
			sourceTree = "<group>";
		};
/* End PBXVariantGroup section */

/* Begin XCBuildConfiguration section */
		A6C08A35241F9F0700C6863B /* Debug */ = {
			isa = XCBuildConfiguration;
			buildSettings = {
				ALWAYS_SEARCH_USER_PATHS = NO;
				CLANG_ANALYZER_NONNULL = YES;
				CLANG_ANALYZER_NUMBER_OBJECT_CONVERSION = YES_AGGRESSIVE;
				CLANG_CXX_LANGUAGE_STANDARD = "gnu++14";
				CLANG_CXX_LIBRARY = "libc++";
				CLANG_ENABLE_MODULES = YES;
				CLANG_ENABLE_OBJC_ARC = YES;
				CLANG_ENABLE_OBJC_WEAK = YES;
				CLANG_WARN_BLOCK_CAPTURE_AUTORELEASING = YES;
				CLANG_WARN_BOOL_CONVERSION = YES;
				CLANG_WARN_COMMA = YES;
				CLANG_WARN_CONSTANT_CONVERSION = YES;
				CLANG_WARN_DEPRECATED_OBJC_IMPLEMENTATIONS = YES;
				CLANG_WARN_DIRECT_OBJC_ISA_USAGE = YES_ERROR;
				CLANG_WARN_DOCUMENTATION_COMMENTS = YES;
				CLANG_WARN_EMPTY_BODY = YES;
				CLANG_WARN_ENUM_CONVERSION = YES;
				CLANG_WARN_INFINITE_RECURSION = YES;
				CLANG_WARN_INT_CONVERSION = YES;
				CLANG_WARN_NON_LITERAL_NULL_CONVERSION = YES;
				CLANG_WARN_OBJC_IMPLICIT_RETAIN_SELF = YES;
				CLANG_WARN_OBJC_LITERAL_CONVERSION = YES;
				CLANG_WARN_OBJC_ROOT_CLASS = YES_ERROR;
				CLANG_WARN_RANGE_LOOP_ANALYSIS = YES;
				CLANG_WARN_STRICT_PROTOTYPES = YES;
				CLANG_WARN_SUSPICIOUS_MOVE = YES;
				CLANG_WARN_UNGUARDED_AVAILABILITY = YES_AGGRESSIVE;
				CLANG_WARN_UNREACHABLE_CODE = YES;
				CLANG_WARN__DUPLICATE_METHOD_MATCH = YES;
				COPY_PHASE_STRIP = NO;
				DEBUG_INFORMATION_FORMAT = dwarf;
				ENABLE_STRICT_OBJC_MSGSEND = YES;
				ENABLE_TESTABILITY = YES;
				GCC_C_LANGUAGE_STANDARD = gnu11;
				GCC_DYNAMIC_NO_PIC = NO;
				GCC_NO_COMMON_BLOCKS = YES;
				GCC_OPTIMIZATION_LEVEL = 0;
				GCC_PREPROCESSOR_DEFINITIONS = (
					"DEBUG=1",
					"$(inherited)",
				);
				GCC_WARN_64_TO_32_BIT_CONVERSION = YES;
				GCC_WARN_ABOUT_RETURN_TYPE = YES_ERROR;
				GCC_WARN_UNDECLARED_SELECTOR = YES;
				GCC_WARN_UNINITIALIZED_AUTOS = YES_AGGRESSIVE;
				GCC_WARN_UNUSED_FUNCTION = YES;
				GCC_WARN_UNUSED_VARIABLE = YES;
				IPHONEOS_DEPLOYMENT_TARGET = 13.2;
				MTL_ENABLE_DEBUG_INFO = INCLUDE_SOURCE;
				MTL_FAST_MATH = YES;
				ONLY_ACTIVE_ARCH = YES;
				SDKROOT = iphoneos;
				SWIFT_ACTIVE_COMPILATION_CONDITIONS = DEBUG;
				SWIFT_OPTIMIZATION_LEVEL = "-Onone";
			};
			name = Debug;
		};
		A6C08A36241F9F0700C6863B /* Release */ = {
			isa = XCBuildConfiguration;
			buildSettings = {
				ALWAYS_SEARCH_USER_PATHS = NO;
				CLANG_ANALYZER_NONNULL = YES;
				CLANG_ANALYZER_NUMBER_OBJECT_CONVERSION = YES_AGGRESSIVE;
				CLANG_CXX_LANGUAGE_STANDARD = "gnu++14";
				CLANG_CXX_LIBRARY = "libc++";
				CLANG_ENABLE_MODULES = YES;
				CLANG_ENABLE_OBJC_ARC = YES;
				CLANG_ENABLE_OBJC_WEAK = YES;
				CLANG_WARN_BLOCK_CAPTURE_AUTORELEASING = YES;
				CLANG_WARN_BOOL_CONVERSION = YES;
				CLANG_WARN_COMMA = YES;
				CLANG_WARN_CONSTANT_CONVERSION = YES;
				CLANG_WARN_DEPRECATED_OBJC_IMPLEMENTATIONS = YES;
				CLANG_WARN_DIRECT_OBJC_ISA_USAGE = YES_ERROR;
				CLANG_WARN_DOCUMENTATION_COMMENTS = YES;
				CLANG_WARN_EMPTY_BODY = YES;
				CLANG_WARN_ENUM_CONVERSION = YES;
				CLANG_WARN_INFINITE_RECURSION = YES;
				CLANG_WARN_INT_CONVERSION = YES;
				CLANG_WARN_NON_LITERAL_NULL_CONVERSION = YES;
				CLANG_WARN_OBJC_IMPLICIT_RETAIN_SELF = YES;
				CLANG_WARN_OBJC_LITERAL_CONVERSION = YES;
				CLANG_WARN_OBJC_ROOT_CLASS = YES_ERROR;
				CLANG_WARN_RANGE_LOOP_ANALYSIS = YES;
				CLANG_WARN_STRICT_PROTOTYPES = YES;
				CLANG_WARN_SUSPICIOUS_MOVE = YES;
				CLANG_WARN_UNGUARDED_AVAILABILITY = YES_AGGRESSIVE;
				CLANG_WARN_UNREACHABLE_CODE = YES;
				CLANG_WARN__DUPLICATE_METHOD_MATCH = YES;
				COPY_PHASE_STRIP = NO;
				DEBUG_INFORMATION_FORMAT = "dwarf-with-dsym";
				ENABLE_NS_ASSERTIONS = NO;
				ENABLE_STRICT_OBJC_MSGSEND = YES;
				GCC_C_LANGUAGE_STANDARD = gnu11;
				GCC_NO_COMMON_BLOCKS = YES;
				GCC_WARN_64_TO_32_BIT_CONVERSION = YES;
				GCC_WARN_ABOUT_RETURN_TYPE = YES_ERROR;
				GCC_WARN_UNDECLARED_SELECTOR = YES;
				GCC_WARN_UNINITIALIZED_AUTOS = YES_AGGRESSIVE;
				GCC_WARN_UNUSED_FUNCTION = YES;
				GCC_WARN_UNUSED_VARIABLE = YES;
				IPHONEOS_DEPLOYMENT_TARGET = 13.2;
				MTL_ENABLE_DEBUG_INFO = NO;
				MTL_FAST_MATH = YES;
				SDKROOT = iphoneos;
				SWIFT_COMPILATION_MODE = wholemodule;
				SWIFT_OPTIMIZATION_LEVEL = "-O";
				VALIDATE_PRODUCT = YES;
			};
			name = Release;
		};
		A6C08A38241F9F0700C6863B /* Debug */ = {
			isa = XCBuildConfiguration;
			buildSettings = {
				ASSETCATALOG_COMPILER_APPICON_NAME = AppIcon;
				CODE_SIGN_STYLE = Automatic;
				DEVELOPMENT_TEAM = L6U7BB57HF;
				INFOPLIST_FILE = DwPupu/Info.plist;
				LD_RUNPATH_SEARCH_PATHS = (
					"$(inherited)",
					"@executable_path/Frameworks",
				);
				PRODUCT_BUNDLE_IDENTIFIER = com.davidandty.DwPupu;
				PRODUCT_NAME = "$(TARGET_NAME)";
				SWIFT_VERSION = 5.0;
				TARGETED_DEVICE_FAMILY = "1,2";
			};
			name = Debug;
		};
		A6C08A39241F9F0700C6863B /* Release */ = {
			isa = XCBuildConfiguration;
			buildSettings = {
				ASSETCATALOG_COMPILER_APPICON_NAME = AppIcon;
				CODE_SIGN_STYLE = Automatic;
				DEVELOPMENT_TEAM = L6U7BB57HF;
				INFOPLIST_FILE = DwPupu/Info.plist;
				LD_RUNPATH_SEARCH_PATHS = (
					"$(inherited)",
					"@executable_path/Frameworks",
				);
				PRODUCT_BUNDLE_IDENTIFIER = com.davidandty.DwPupu;
				PRODUCT_NAME = "$(TARGET_NAME)";
				SWIFT_VERSION = 5.0;
				TARGETED_DEVICE_FAMILY = "1,2";
			};
			name = Release;
		};
		A6C08A3B241F9F0700C6863B /* Debug */ = {
			isa = XCBuildConfiguration;
			buildSettings = {
				ALWAYS_EMBED_SWIFT_STANDARD_LIBRARIES = YES;
				BUNDLE_LOADER = "$(TEST_HOST)";
				CODE_SIGN_STYLE = Automatic;
				DEVELOPMENT_TEAM = L6U7BB57HF;
				INFOPLIST_FILE = DwPupuTests/Info.plist;
				IPHONEOS_DEPLOYMENT_TARGET = 13.2;
				LD_RUNPATH_SEARCH_PATHS = (
					"$(inherited)",
					"@executable_path/Frameworks",
					"@loader_path/Frameworks",
				);
				PRODUCT_BUNDLE_IDENTIFIER = com.davidandty.DwPupuTests;
				PRODUCT_NAME = "$(TARGET_NAME)";
				SWIFT_VERSION = 5.0;
				TARGETED_DEVICE_FAMILY = "1,2";
				TEST_HOST = "$(BUILT_PRODUCTS_DIR)/DwPupu.app/DwPupu";
			};
			name = Debug;
		};
		A6C08A3C241F9F0700C6863B /* Release */ = {
			isa = XCBuildConfiguration;
			buildSettings = {
				ALWAYS_EMBED_SWIFT_STANDARD_LIBRARIES = YES;
				BUNDLE_LOADER = "$(TEST_HOST)";
				CODE_SIGN_STYLE = Automatic;
				DEVELOPMENT_TEAM = L6U7BB57HF;
				INFOPLIST_FILE = DwPupuTests/Info.plist;
				IPHONEOS_DEPLOYMENT_TARGET = 13.2;
				LD_RUNPATH_SEARCH_PATHS = (
					"$(inherited)",
					"@executable_path/Frameworks",
					"@loader_path/Frameworks",
				);
				PRODUCT_BUNDLE_IDENTIFIER = com.davidandty.DwPupuTests;
				PRODUCT_NAME = "$(TARGET_NAME)";
				SWIFT_VERSION = 5.0;
				TARGETED_DEVICE_FAMILY = "1,2";
				TEST_HOST = "$(BUILT_PRODUCTS_DIR)/DwPupu.app/DwPupu";
			};
			name = Release;
		};
		A6C08A3E241F9F0700C6863B /* Debug */ = {
			isa = XCBuildConfiguration;
			buildSettings = {
				ALWAYS_EMBED_SWIFT_STANDARD_LIBRARIES = YES;
				CODE_SIGN_STYLE = Automatic;
				DEVELOPMENT_TEAM = L6U7BB57HF;
				INFOPLIST_FILE = DwPupuUITests/Info.plist;
				LD_RUNPATH_SEARCH_PATHS = (
					"$(inherited)",
					"@executable_path/Frameworks",
					"@loader_path/Frameworks",
				);
				PRODUCT_BUNDLE_IDENTIFIER = com.davidandty.DwPupuUITests;
				PRODUCT_NAME = "$(TARGET_NAME)";
				SWIFT_VERSION = 5.0;
				TARGETED_DEVICE_FAMILY = "1,2";
				TEST_TARGET_NAME = DwPupu;
			};
			name = Debug;
		};
		A6C08A3F241F9F0700C6863B /* Release */ = {
			isa = XCBuildConfiguration;
			buildSettings = {
				ALWAYS_EMBED_SWIFT_STANDARD_LIBRARIES = YES;
				CODE_SIGN_STYLE = Automatic;
				DEVELOPMENT_TEAM = L6U7BB57HF;
				INFOPLIST_FILE = DwPupuUITests/Info.plist;
				LD_RUNPATH_SEARCH_PATHS = (
					"$(inherited)",
					"@executable_path/Frameworks",
					"@loader_path/Frameworks",
				);
				PRODUCT_BUNDLE_IDENTIFIER = com.davidandty.DwPupuUITests;
				PRODUCT_NAME = "$(TARGET_NAME)";
				SWIFT_VERSION = 5.0;
				TARGETED_DEVICE_FAMILY = "1,2";
				TEST_TARGET_NAME = DwPupu;
			};
			name = Release;
		};
/* End XCBuildConfiguration section */

/* Begin XCConfigurationList section */
		A6C08A08241F9F0300C6863B /* Build configuration list for PBXProject "DwPupu" */ = {
			isa = XCConfigurationList;
			buildConfigurations = (
				A6C08A35241F9F0700C6863B /* Debug */,
				A6C08A36241F9F0700C6863B /* Release */,
			);
			defaultConfigurationIsVisible = 0;
			defaultConfigurationName = Release;
		};
		A6C08A37241F9F0700C6863B /* Build configuration list for PBXNativeTarget "DwPupu" */ = {
			isa = XCConfigurationList;
			buildConfigurations = (
				A6C08A38241F9F0700C6863B /* Debug */,
				A6C08A39241F9F0700C6863B /* Release */,
			);
			defaultConfigurationIsVisible = 0;
			defaultConfigurationName = Release;
		};
		A6C08A3A241F9F0700C6863B /* Build configuration list for PBXNativeTarget "DwPupuTests" */ = {
			isa = XCConfigurationList;
			buildConfigurations = (
				A6C08A3B241F9F0700C6863B /* Debug */,
				A6C08A3C241F9F0700C6863B /* Release */,
			);
			defaultConfigurationIsVisible = 0;
			defaultConfigurationName = Release;
		};
		A6C08A3D241F9F0700C6863B /* Build configuration list for PBXNativeTarget "DwPupuUITests" */ = {
			isa = XCConfigurationList;
			buildConfigurations = (
				A6C08A3E241F9F0700C6863B /* Debug */,
				A6C08A3F241F9F0700C6863B /* Release */,
			);
			defaultConfigurationIsVisible = 0;
			defaultConfigurationName = Release;
		};
/* End XCConfigurationList section */
	};
	rootObject = A6C08A05241F9F0300C6863B /* Project object */;
}
