// !$*UTF8*$!
{
	archiveVersion = 1;
	classes = {
	};
	objectVersion = 51;
	objects = {

/* Begin PBXBuildFile section */
		50A345CD631FB9A64AD4AFE2 /* Pods_DwPupuAbstract_DwPupu.framework in Frameworks */ = {isa = PBXBuildFile; fileRef = 8410F3E14CD41A27167778AD /* Pods_DwPupuAbstract_DwPupu.framework */; };
		A61DCF66242081F50036F8DC /* IndexHeaderView.swift in Sources */ = {isa = PBXBuildFile; fileRef = A61DCF65242081F50036F8DC /* IndexHeaderView.swift */; };
		A61DCF68242082CC0036F8DC /* IndexHeaderView.xib in Resources */ = {isa = PBXBuildFile; fileRef = A61DCF67242082CC0036F8DC /* IndexHeaderView.xib */; };
		A61DCF6B2420898B0036F8DC /* DeviceUtil.swift in Sources */ = {isa = PBXBuildFile; fileRef = A61DCF6A2420898B0036F8DC /* DeviceUtil.swift */; };
		A64F80B624284A5500DD232E /* Color+Theme.swift in Sources */ = {isa = PBXBuildFile; fileRef = A64F80B524284A5500DD232E /* Color+Theme.swift */; };
		A64F80BE24299A2200DD232E /* DwPupuTests.swift in Sources */ = {isa = PBXBuildFile; fileRef = A64F80BD24299A2200DD232E /* DwPupuTests.swift */; };
		A64F80C624299C1900DD232E /* CategoryViewModelTests.swift in Sources */ = {isa = PBXBuildFile; fileRef = A64F80C524299C1900DD232E /* CategoryViewModelTests.swift */; };
		A6682CB42423475A00989FA7 /* DwAutoCollectionViewFlowLayout.swift in Sources */ = {isa = PBXBuildFile; fileRef = A6682CB32423475A00989FA7 /* DwAutoCollectionViewFlowLayout.swift */; };
		A6682CBC2423BFC800989FA7 /* HomeShopRecommendBlickTableViewCell.swift in Sources */ = {isa = PBXBuildFile; fileRef = A6682CBA2423BFC800989FA7 /* HomeShopRecommendBlickTableViewCell.swift */; };
		A6682CBD2423BFC800989FA7 /* HomeShopRecommendBlickTableViewCell.xib in Resources */ = {isa = PBXBuildFile; fileRef = A6682CBB2423BFC800989FA7 /* HomeShopRecommendBlickTableViewCell.xib */; };
		A6682CC02423CA5100989FA7 /* TableView+.swift in Sources */ = {isa = PBXBuildFile; fileRef = A6682CBF2423CA5100989FA7 /* TableView+.swift */; };
		A6682CC22424C6FE00989FA7 /* HomeItem.swift in Sources */ = {isa = PBXBuildFile; fileRef = A6682CC12424C6FE00989FA7 /* HomeItem.swift */; };
		A6682CC42424C72200989FA7 /* HomeSubItem.swift in Sources */ = {isa = PBXBuildFile; fileRef = A6682CC32424C72200989FA7 /* HomeSubItem.swift */; };
		A6792E5A241FC14600197870 /* PupuCategoryViewController.swift in Sources */ = {isa = PBXBuildFile; fileRef = A6792E58241FC14600197870 /* PupuCategoryViewController.swift */; };
		A6792E5B241FC14600197870 /* PupuCategoryViewController.xib in Resources */ = {isa = PBXBuildFile; fileRef = A6792E59241FC14600197870 /* PupuCategoryViewController.xib */; };
		A6792E5E241FC16600197870 /* PupuTodayHotViewController.swift in Sources */ = {isa = PBXBuildFile; fileRef = A6792E5C241FC16600197870 /* PupuTodayHotViewController.swift */; };
		A6792E5F241FC16600197870 /* PupuTodayHotViewController.xib in Resources */ = {isa = PBXBuildFile; fileRef = A6792E5D241FC16600197870 /* PupuTodayHotViewController.xib */; };
		A6792E62241FC18A00197870 /* PupuShopCarViewController.swift in Sources */ = {isa = PBXBuildFile; fileRef = A6792E60241FC18A00197870 /* PupuShopCarViewController.swift */; };
		A6792E63241FC18A00197870 /* PupuShopCarViewController.xib in Resources */ = {isa = PBXBuildFile; fileRef = A6792E61241FC18A00197870 /* PupuShopCarViewController.xib */; };
		A6792E66241FC1BC00197870 /* PupuMyViewController.swift in Sources */ = {isa = PBXBuildFile; fileRef = A6792E64241FC1BC00197870 /* PupuMyViewController.swift */; };
		A6792E67241FC1BC00197870 /* PupuMyViewController.xib in Resources */ = {isa = PBXBuildFile; fileRef = A6792E65241FC1BC00197870 /* PupuMyViewController.xib */; };
		A6792E6B241FCDA400197870 /* DwTabBarController.swift in Sources */ = {isa = PBXBuildFile; fileRef = A6792E6A241FCDA400197870 /* DwTabBarController.swift */; };
		A6792E6E241FD1F500197870 /* DwTabBar.swift in Sources */ = {isa = PBXBuildFile; fileRef = A6792E6D241FD1F500197870 /* DwTabBar.swift */; };
		A68AC4152425BD380058E2BB /* HomeShopOtherBlockTableViewCell.swift in Sources */ = {isa = PBXBuildFile; fileRef = A68AC4132425BD380058E2BB /* HomeShopOtherBlockTableViewCell.swift */; };
		A68AC4162425BD380058E2BB /* HomeShopOtherBlockTableViewCell.xib in Resources */ = {isa = PBXBuildFile; fileRef = A68AC4142425BD380058E2BB /* HomeShopOtherBlockTableViewCell.xib */; };
		A68AC4182425F5760058E2BB /* DwCellHeightProtocol.swift in Sources */ = {isa = PBXBuildFile; fileRef = A68AC4172425F5760058E2BB /* DwCellHeightProtocol.swift */; };
		A68AC41B2426316A0058E2BB /* HomeItemListViewController.swift in Sources */ = {isa = PBXBuildFile; fileRef = A68AC4192426316A0058E2BB /* HomeItemListViewController.swift */; };
		A68AC41C2426316A0058E2BB /* HomeItemListViewController.xib in Resources */ = {isa = PBXBuildFile; fileRef = A68AC41A2426316A0058E2BB /* HomeItemListViewController.xib */; };
		A68AC41F242643130058E2BB /* HomeItemListCollectionViewCell.swift in Sources */ = {isa = PBXBuildFile; fileRef = A68AC41D242643130058E2BB /* HomeItemListCollectionViewCell.swift */; };
		A68AC420242643130058E2BB /* HomeItemListCollectionViewCell.xib in Resources */ = {isa = PBXBuildFile; fileRef = A68AC41E242643130058E2BB /* HomeItemListCollectionViewCell.xib */; };
		A68AC42224264B840058E2BB /* DwFlowCollectionViewLayout.swift in Sources */ = {isa = PBXBuildFile; fileRef = A68AC42124264B840058E2BB /* DwFlowCollectionViewLayout.swift */; };
		A68AC42424265B060058E2BB /* CollectionView+.swift in Sources */ = {isa = PBXBuildFile; fileRef = A68AC42324265B060058E2BB /* CollectionView+.swift */; };
		A68AC42724265F7F0058E2BB /* ChildScrollableProtocol.swift in Sources */ = {isa = PBXBuildFile; fileRef = A68AC42624265F7F0058E2BB /* ChildScrollableProtocol.swift */; };
		A68AC429242665E00058E2BB /* String+.swift in Sources */ = {isa = PBXBuildFile; fileRef = A68AC428242665DF0058E2BB /* String+.swift */; };
		A68AC42B2426F3500058E2BB /* CategoryViewModel.swift in Sources */ = {isa = PBXBuildFile; fileRef = A68AC42A2426F3500058E2BB /* CategoryViewModel.swift */; };
		A68AC42E2426F8710058E2BB /* CategoryNaviTableViewCell.swift in Sources */ = {isa = PBXBuildFile; fileRef = A68AC42C2426F8710058E2BB /* CategoryNaviTableViewCell.swift */; };
		A68AC42F2426F8710058E2BB /* CategoryNaviTableViewCell.xib in Resources */ = {isa = PBXBuildFile; fileRef = A68AC42D2426F8710058E2BB /* CategoryNaviTableViewCell.xib */; };
		A68AC43224270C560058E2BB /* CategoryMainItemViewController.swift in Sources */ = {isa = PBXBuildFile; fileRef = A68AC43024270C560058E2BB /* CategoryMainItemViewController.swift */; };
		A68AC43324270C560058E2BB /* CategoryMainItemViewController.xib in Resources */ = {isa = PBXBuildFile; fileRef = A68AC43124270C560058E2BB /* CategoryMainItemViewController.xib */; };
		A68AC43624271FC90058E2BB /* CategoryMainTopCollectionViewCell.swift in Sources */ = {isa = PBXBuildFile; fileRef = A68AC43424271FC90058E2BB /* CategoryMainTopCollectionViewCell.swift */; };
		A68AC43724271FC90058E2BB /* CategoryMainTopCollectionViewCell.xib in Resources */ = {isa = PBXBuildFile; fileRef = A68AC43524271FC90058E2BB /* CategoryMainTopCollectionViewCell.xib */; };
		A68AC43A24271FE70058E2BB /* CategoryMainItemCollectionViewCell.swift in Sources */ = {isa = PBXBuildFile; fileRef = A68AC43824271FE70058E2BB /* CategoryMainItemCollectionViewCell.swift */; };
		A68AC43B24271FE70058E2BB /* CategoryMainItemCollectionViewCell.xib in Resources */ = {isa = PBXBuildFile; fileRef = A68AC43924271FE70058E2BB /* CategoryMainItemCollectionViewCell.xib */; };
		A6C08A11241F9F0300C6863B /* AppDelegate.swift in Sources */ = {isa = PBXBuildFile; fileRef = A6C08A10241F9F0300C6863B /* AppDelegate.swift */; };
		A6C08A1A241F9F0600C6863B /* Assets.xcassets in Resources */ = {isa = PBXBuildFile; fileRef = A6C08A19241F9F0600C6863B /* Assets.xcassets */; };
		A6C08A42241F9F7F00C6863B /* PupuIndexViewController.swift in Sources */ = {isa = PBXBuildFile; fileRef = A6C08A40241F9F7F00C6863B /* PupuIndexViewController.swift */; };
		A6C08A43241F9F7F00C6863B /* PupuIndexViewController.xib in Resources */ = {isa = PBXBuildFile; fileRef = A6C08A41241F9F7F00C6863B /* PupuIndexViewController.xib */; };
		A6D1A10E2420CCF800CDEAC2 /* IndexHeaderView+Rx.swift in Sources */ = {isa = PBXBuildFile; fileRef = A6D1A10D2420CCF800CDEAC2 /* IndexHeaderView+Rx.swift */; };
		A6D1A1102420D93C00CDEAC2 /* PupuApiController.swift in Sources */ = {isa = PBXBuildFile; fileRef = A6D1A10F2420D93C00CDEAC2 /* PupuApiController.swift */; };
		A6D1A1122420DA3D00CDEAC2 /* Banner.swift in Sources */ = {isa = PBXBuildFile; fileRef = A6D1A1112420DA3D00CDEAC2 /* Banner.swift */; };
		A6D1A1152421092800CDEAC2 /* LTAutoScrollView.swift in Sources */ = {isa = PBXBuildFile; fileRef = A6D1A1142421092800CDEAC2 /* LTAutoScrollView.swift */; };
		A6D1A1172421148D00CDEAC2 /* IndexViewModel.swift in Sources */ = {isa = PBXBuildFile; fileRef = A6D1A1162421148D00CDEAC2 /* IndexViewModel.swift */; };
		A6D1A119242119B900CDEAC2 /* LTAutoScrollView+Rx.swift in Sources */ = {isa = PBXBuildFile; fileRef = A6D1A118242119B900CDEAC2 /* LTAutoScrollView+Rx.swift */; };
		A6D1A11B2421B08800CDEAC2 /* Category.swift in Sources */ = {isa = PBXBuildFile; fileRef = A6D1A11A2421B08800CDEAC2 /* Category.swift */; };
		A6D1A11E2421C04F00CDEAC2 /* HomeCategoryCollectionViewCell.swift in Sources */ = {isa = PBXBuildFile; fileRef = A6D1A11C2421C04F00CDEAC2 /* HomeCategoryCollectionViewCell.swift */; };
		A6D1A11F2421C04F00CDEAC2 /* HomeCategoryCollectionViewCell.xib in Resources */ = {isa = PBXBuildFile; fileRef = A6D1A11D2421C04F00CDEAC2 /* HomeCategoryCollectionViewCell.xib */; };
		A6D1A1212421C14F00CDEAC2 /* HomeCategoryMoreView.swift in Sources */ = {isa = PBXBuildFile; fileRef = A6D1A1202421C14F00CDEAC2 /* HomeCategoryMoreView.swift */; };
		A6D1A1232421C16D00CDEAC2 /* HomeCategoryMoreView.xib in Resources */ = {isa = PBXBuildFile; fileRef = A6D1A1222421C16D00CDEAC2 /* HomeCategoryMoreView.xib */; };
		A6D1A12E2422062800CDEAC2 /* categories.json in Resources */ = {isa = PBXBuildFile; fileRef = A6D1A1282422062700CDEAC2 /* categories.json */; };
		A6D1A12F2422062800CDEAC2 /* homePage.json in Resources */ = {isa = PBXBuildFile; fileRef = A6D1A1292422062700CDEAC2 /* homePage.json */; };
		A6D1A1302422062800CDEAC2 /* baseData.json in Resources */ = {isa = PBXBuildFile; fileRef = A6D1A12A2422062700CDEAC2 /* baseData.json */; };
		A6D1A1312422062800CDEAC2 /* banner.json in Resources */ = {isa = PBXBuildFile; fileRef = A6D1A12B2422062700CDEAC2 /* banner.json */; };
		A6D1A1322422062800CDEAC2 /* activity.json in Resources */ = {isa = PBXBuildFile; fileRef = A6D1A12C2422062800CDEAC2 /* activity.json */; };
		A6D1A1332422062800CDEAC2 /* storeproduct.json in Resources */ = {isa = PBXBuildFile; fileRef = A6D1A12D2422062800CDEAC2 /* storeproduct.json */; };
		A6D1A1362422445500CDEAC2 /* HomeMenuCollectionViewCell.swift in Sources */ = {isa = PBXBuildFile; fileRef = A6D1A1342422445400CDEAC2 /* HomeMenuCollectionViewCell.swift */; };
		A6D1A1372422445500CDEAC2 /* HomeMenuCollectionViewCell.xib in Resources */ = {isa = PBXBuildFile; fileRef = A6D1A1352422445400CDEAC2 /* HomeMenuCollectionViewCell.xib */; };
		A6D1A13A24225B4900CDEAC2 /* HomeMainSectionTableViewCell.swift in Sources */ = {isa = PBXBuildFile; fileRef = A6D1A13824225B4900CDEAC2 /* HomeMainSectionTableViewCell.swift */; };
		A6D1A13B24225B4900CDEAC2 /* HomeMainSectionTableViewCell.xib in Resources */ = {isa = PBXBuildFile; fileRef = A6D1A13924225B4900CDEAC2 /* HomeMainSectionTableViewCell.xib */; };
		A6D1A13D2423119200CDEAC2 /* DwMultiResponseScrollView.swift in Sources */ = {isa = PBXBuildFile; fileRef = A6D1A13C2423119100CDEAC2 /* DwMultiResponseScrollView.swift */; };
		A6D1A13F2423140700CDEAC2 /* ScreenUtil.swift in Sources */ = {isa = PBXBuildFile; fileRef = A6D1A13E2423140700CDEAC2 /* ScreenUtil.swift */; };
		A6D1A1422423213700CDEAC2 /* HomeMainTableViewController.swift in Sources */ = {isa = PBXBuildFile; fileRef = A6D1A1402423213700CDEAC2 /* HomeMainTableViewController.swift */; };
		A6D1A1432423213700CDEAC2 /* HomeMainTableViewController.xib in Resources */ = {isa = PBXBuildFile; fileRef = A6D1A1412423213700CDEAC2 /* HomeMainTableViewController.xib */; };
		F2BD6F343CDB9F0DBF765E76 /* Pods_DwPupuAbstract_DwPupuTests.framework in Frameworks */ = {isa = PBXBuildFile; fileRef = 2D59C25084DFB3D89E6FCACD /* Pods_DwPupuAbstract_DwPupuTests.framework */; };
/* End PBXBuildFile section */

/* Begin PBXContainerItemProxy section */
		A64F80C024299A2200DD232E /* PBXContainerItemProxy */ = {
			isa = PBXContainerItemProxy;
			containerPortal = A6C08A05241F9F0300C6863B /* Project object */;
			proxyType = 1;
			remoteGlobalIDString = A6C08A0C241F9F0300C6863B;
			remoteInfo = DwPupu;
		};
/* End PBXContainerItemProxy section */

/* Begin PBXFileReference section */
		058A3A0CBA51A495EE19418E /* Pods-DwPupuUITests.debug.xcconfig */ = {isa = PBXFileReference; includeInIndex = 1; lastKnownFileType = text.xcconfig; name = "Pods-DwPupuUITests.debug.xcconfig"; path = "Target Support Files/Pods-DwPupuUITests/Pods-DwPupuUITests.debug.xcconfig"; sourceTree = "<group>"; };
		18F177F8E714D693E09F29F2 /* Pods-DwPupuAbstract-DwPupuTests.release.xcconfig */ = {isa = PBXFileReference; includeInIndex = 1; lastKnownFileType = text.xcconfig; name = "Pods-DwPupuAbstract-DwPupuTests.release.xcconfig"; path = "Target Support Files/Pods-DwPupuAbstract-DwPupuTests/Pods-DwPupuAbstract-DwPupuTests.release.xcconfig"; sourceTree = "<group>"; };
		215A1D8AF849FBF006EB5F17 /* Pods-DwPupuTests.release.xcconfig */ = {isa = PBXFileReference; includeInIndex = 1; lastKnownFileType = text.xcconfig; name = "Pods-DwPupuTests.release.xcconfig"; path = "Target Support Files/Pods-DwPupuTests/Pods-DwPupuTests.release.xcconfig"; sourceTree = "<group>"; };
		2D59C25084DFB3D89E6FCACD /* Pods_DwPupuAbstract_DwPupuTests.framework */ = {isa = PBXFileReference; explicitFileType = wrapper.framework; includeInIndex = 0; path = Pods_DwPupuAbstract_DwPupuTests.framework; sourceTree = BUILT_PRODUCTS_DIR; };
		5192E84CDF03301C1934C226 /* Pods-DwPupuAbstract-DwPupu.debug.xcconfig */ = {isa = PBXFileReference; includeInIndex = 1; lastKnownFileType = text.xcconfig; name = "Pods-DwPupuAbstract-DwPupu.debug.xcconfig"; path = "Target Support Files/Pods-DwPupuAbstract-DwPupu/Pods-DwPupuAbstract-DwPupu.debug.xcconfig"; sourceTree = "<group>"; };
		6992C6460A59726FBDBD157E /* Pods-DwPupuAbstract-DwPupuUITests.release.xcconfig */ = {isa = PBXFileReference; includeInIndex = 1; lastKnownFileType = text.xcconfig; name = "Pods-DwPupuAbstract-DwPupuUITests.release.xcconfig"; path = "Target Support Files/Pods-DwPupuAbstract-DwPupuUITests/Pods-DwPupuAbstract-DwPupuUITests.release.xcconfig"; sourceTree = "<group>"; };
		6F34807880DDDEC8F32458BA /* Pods-DwPupuAbstract-DwPupu.release.xcconfig */ = {isa = PBXFileReference; includeInIndex = 1; lastKnownFileType = text.xcconfig; name = "Pods-DwPupuAbstract-DwPupu.release.xcconfig"; path = "Target Support Files/Pods-DwPupuAbstract-DwPupu/Pods-DwPupuAbstract-DwPupu.release.xcconfig"; sourceTree = "<group>"; };
		8410F3E14CD41A27167778AD /* Pods_DwPupuAbstract_DwPupu.framework */ = {isa = PBXFileReference; explicitFileType = wrapper.framework; includeInIndex = 0; path = Pods_DwPupuAbstract_DwPupu.framework; sourceTree = BUILT_PRODUCTS_DIR; };
		A3A80CE46165BFCA6CFB59F9 /* Pods_DwPupuAbstract_DwPupuUITests.framework */ = {isa = PBXFileReference; explicitFileType = wrapper.framework; includeInIndex = 0; path = Pods_DwPupuAbstract_DwPupuUITests.framework; sourceTree = BUILT_PRODUCTS_DIR; };
		A61DCF65242081F50036F8DC /* IndexHeaderView.swift */ = {isa = PBXFileReference; lastKnownFileType = sourcecode.swift; path = IndexHeaderView.swift; sourceTree = "<group>"; };
		A61DCF67242082CC0036F8DC /* IndexHeaderView.xib */ = {isa = PBXFileReference; lastKnownFileType = file.xib; path = IndexHeaderView.xib; sourceTree = "<group>"; };
		A61DCF6A2420898B0036F8DC /* DeviceUtil.swift */ = {isa = PBXFileReference; lastKnownFileType = sourcecode.swift; path = DeviceUtil.swift; sourceTree = "<group>"; };
		A64F80B524284A5500DD232E /* Color+Theme.swift */ = {isa = PBXFileReference; lastKnownFileType = sourcecode.swift; path = "Color+Theme.swift"; sourceTree = "<group>"; };
		A64F80BB24299A2200DD232E /* DwPupuTests.xctest */ = {isa = PBXFileReference; explicitFileType = wrapper.cfbundle; includeInIndex = 0; path = DwPupuTests.xctest; sourceTree = BUILT_PRODUCTS_DIR; };
		A64F80BD24299A2200DD232E /* DwPupuTests.swift */ = {isa = PBXFileReference; lastKnownFileType = sourcecode.swift; path = DwPupuTests.swift; sourceTree = "<group>"; };
		A64F80BF24299A2200DD232E /* Info.plist */ = {isa = PBXFileReference; lastKnownFileType = text.plist.xml; path = Info.plist; sourceTree = "<group>"; };
		A64F80C524299C1900DD232E /* CategoryViewModelTests.swift */ = {isa = PBXFileReference; lastKnownFileType = sourcecode.swift; path = CategoryViewModelTests.swift; sourceTree = "<group>"; };
		A6682CB32423475A00989FA7 /* DwAutoCollectionViewFlowLayout.swift */ = {isa = PBXFileReference; lastKnownFileType = sourcecode.swift; path = DwAutoCollectionViewFlowLayout.swift; sourceTree = "<group>"; };
		A6682CBA2423BFC800989FA7 /* HomeShopRecommendBlickTableViewCell.swift */ = {isa = PBXFileReference; lastKnownFileType = sourcecode.swift; path = HomeShopRecommendBlickTableViewCell.swift; sourceTree = "<group>"; };
		A6682CBB2423BFC800989FA7 /* HomeShopRecommendBlickTableViewCell.xib */ = {isa = PBXFileReference; lastKnownFileType = file.xib; path = HomeShopRecommendBlickTableViewCell.xib; sourceTree = "<group>"; };
		A6682CBF2423CA5100989FA7 /* TableView+.swift */ = {isa = PBXFileReference; lastKnownFileType = sourcecode.swift; path = "TableView+.swift"; sourceTree = "<group>"; };
		A6682CC12424C6FE00989FA7 /* HomeItem.swift */ = {isa = PBXFileReference; lastKnownFileType = sourcecode.swift; path = HomeItem.swift; sourceTree = "<group>"; };
		A6682CC32424C72200989FA7 /* HomeSubItem.swift */ = {isa = PBXFileReference; lastKnownFileType = sourcecode.swift; path = HomeSubItem.swift; sourceTree = "<group>"; };
		A6792E57241FB9BC00197870 /* Arial Narrow Bold.ttf */ = {isa = PBXFileReference; lastKnownFileType = file; path = "Arial Narrow Bold.ttf"; sourceTree = "<group>"; };
		A6792E58241FC14600197870 /* PupuCategoryViewController.swift */ = {isa = PBXFileReference; lastKnownFileType = sourcecode.swift; path = PupuCategoryViewController.swift; sourceTree = "<group>"; };
		A6792E59241FC14600197870 /* PupuCategoryViewController.xib */ = {isa = PBXFileReference; lastKnownFileType = file.xib; path = PupuCategoryViewController.xib; sourceTree = "<group>"; };
		A6792E5C241FC16600197870 /* PupuTodayHotViewController.swift */ = {isa = PBXFileReference; lastKnownFileType = sourcecode.swift; path = PupuTodayHotViewController.swift; sourceTree = "<group>"; };
		A6792E5D241FC16600197870 /* PupuTodayHotViewController.xib */ = {isa = PBXFileReference; lastKnownFileType = file.xib; path = PupuTodayHotViewController.xib; sourceTree = "<group>"; };
		A6792E60241FC18A00197870 /* PupuShopCarViewController.swift */ = {isa = PBXFileReference; lastKnownFileType = sourcecode.swift; path = PupuShopCarViewController.swift; sourceTree = "<group>"; };
		A6792E61241FC18A00197870 /* PupuShopCarViewController.xib */ = {isa = PBXFileReference; lastKnownFileType = file.xib; path = PupuShopCarViewController.xib; sourceTree = "<group>"; };
		A6792E64241FC1BC00197870 /* PupuMyViewController.swift */ = {isa = PBXFileReference; lastKnownFileType = sourcecode.swift; path = PupuMyViewController.swift; sourceTree = "<group>"; };
		A6792E65241FC1BC00197870 /* PupuMyViewController.xib */ = {isa = PBXFileReference; lastKnownFileType = file.xib; path = PupuMyViewController.xib; sourceTree = "<group>"; };
		A6792E6A241FCDA400197870 /* DwTabBarController.swift */ = {isa = PBXFileReference; lastKnownFileType = sourcecode.swift; path = DwTabBarController.swift; sourceTree = "<group>"; };
		A6792E6D241FD1F500197870 /* DwTabBar.swift */ = {isa = PBXFileReference; lastKnownFileType = sourcecode.swift; path = DwTabBar.swift; sourceTree = "<group>"; };
		A68AC4132425BD380058E2BB /* HomeShopOtherBlockTableViewCell.swift */ = {isa = PBXFileReference; lastKnownFileType = sourcecode.swift; path = HomeShopOtherBlockTableViewCell.swift; sourceTree = "<group>"; };
		A68AC4142425BD380058E2BB /* HomeShopOtherBlockTableViewCell.xib */ = {isa = PBXFileReference; lastKnownFileType = file.xib; path = HomeShopOtherBlockTableViewCell.xib; sourceTree = "<group>"; };
		A68AC4172425F5760058E2BB /* DwCellHeightProtocol.swift */ = {isa = PBXFileReference; lastKnownFileType = sourcecode.swift; path = DwCellHeightProtocol.swift; sourceTree = "<group>"; };
		A68AC4192426316A0058E2BB /* HomeItemListViewController.swift */ = {isa = PBXFileReference; lastKnownFileType = sourcecode.swift; path = HomeItemListViewController.swift; sourceTree = "<group>"; };
		A68AC41A2426316A0058E2BB /* HomeItemListViewController.xib */ = {isa = PBXFileReference; lastKnownFileType = file.xib; path = HomeItemListViewController.xib; sourceTree = "<group>"; };
		A68AC41D242643130058E2BB /* HomeItemListCollectionViewCell.swift */ = {isa = PBXFileReference; lastKnownFileType = sourcecode.swift; path = HomeItemListCollectionViewCell.swift; sourceTree = "<group>"; };
		A68AC41E242643130058E2BB /* HomeItemListCollectionViewCell.xib */ = {isa = PBXFileReference; lastKnownFileType = file.xib; path = HomeItemListCollectionViewCell.xib; sourceTree = "<group>"; };
		A68AC42124264B840058E2BB /* DwFlowCollectionViewLayout.swift */ = {isa = PBXFileReference; lastKnownFileType = sourcecode.swift; path = DwFlowCollectionViewLayout.swift; sourceTree = "<group>"; };
		A68AC42324265B060058E2BB /* CollectionView+.swift */ = {isa = PBXFileReference; lastKnownFileType = sourcecode.swift; path = "CollectionView+.swift"; sourceTree = "<group>"; };
		A68AC42624265F7F0058E2BB /* ChildScrollableProtocol.swift */ = {isa = PBXFileReference; lastKnownFileType = sourcecode.swift; path = ChildScrollableProtocol.swift; sourceTree = "<group>"; };
		A68AC428242665DF0058E2BB /* String+.swift */ = {isa = PBXFileReference; lastKnownFileType = sourcecode.swift; path = "String+.swift"; sourceTree = "<group>"; };
		A68AC42A2426F3500058E2BB /* CategoryViewModel.swift */ = {isa = PBXFileReference; lastKnownFileType = sourcecode.swift; path = CategoryViewModel.swift; sourceTree = "<group>"; };
		A68AC42C2426F8710058E2BB /* CategoryNaviTableViewCell.swift */ = {isa = PBXFileReference; lastKnownFileType = sourcecode.swift; path = CategoryNaviTableViewCell.swift; sourceTree = "<group>"; };
		A68AC42D2426F8710058E2BB /* CategoryNaviTableViewCell.xib */ = {isa = PBXFileReference; lastKnownFileType = file.xib; path = CategoryNaviTableViewCell.xib; sourceTree = "<group>"; };
		A68AC43024270C560058E2BB /* CategoryMainItemViewController.swift */ = {isa = PBXFileReference; lastKnownFileType = sourcecode.swift; path = CategoryMainItemViewController.swift; sourceTree = "<group>"; };
		A68AC43124270C560058E2BB /* CategoryMainItemViewController.xib */ = {isa = PBXFileReference; lastKnownFileType = file.xib; path = CategoryMainItemViewController.xib; sourceTree = "<group>"; };
		A68AC43424271FC90058E2BB /* CategoryMainTopCollectionViewCell.swift */ = {isa = PBXFileReference; lastKnownFileType = sourcecode.swift; path = CategoryMainTopCollectionViewCell.swift; sourceTree = "<group>"; };
		A68AC43524271FC90058E2BB /* CategoryMainTopCollectionViewCell.xib */ = {isa = PBXFileReference; lastKnownFileType = file.xib; path = CategoryMainTopCollectionViewCell.xib; sourceTree = "<group>"; };
		A68AC43824271FE70058E2BB /* CategoryMainItemCollectionViewCell.swift */ = {isa = PBXFileReference; lastKnownFileType = sourcecode.swift; path = CategoryMainItemCollectionViewCell.swift; sourceTree = "<group>"; };
		A68AC43924271FE70058E2BB /* CategoryMainItemCollectionViewCell.xib */ = {isa = PBXFileReference; lastKnownFileType = file.xib; path = CategoryMainItemCollectionViewCell.xib; sourceTree = "<group>"; };
		A6C08A0D241F9F0300C6863B /* 仿朴朴.app */ = {isa = PBXFileReference; explicitFileType = wrapper.application; includeInIndex = 0; path = "仿朴朴.app"; sourceTree = BUILT_PRODUCTS_DIR; };
		A6C08A10241F9F0300C6863B /* AppDelegate.swift */ = {isa = PBXFileReference; lastKnownFileType = sourcecode.swift; path = AppDelegate.swift; sourceTree = "<group>"; };
		A6C08A19241F9F0600C6863B /* Assets.xcassets */ = {isa = PBXFileReference; lastKnownFileType = folder.assetcatalog; path = Assets.xcassets; sourceTree = "<group>"; };
		A6C08A1E241F9F0600C6863B /* Info.plist */ = {isa = PBXFileReference; lastKnownFileType = text.plist.xml; path = Info.plist; sourceTree = "<group>"; };
		A6C08A40241F9F7F00C6863B /* PupuIndexViewController.swift */ = {isa = PBXFileReference; lastKnownFileType = sourcecode.swift; path = PupuIndexViewController.swift; sourceTree = "<group>"; };
		A6C08A41241F9F7F00C6863B /* PupuIndexViewController.xib */ = {isa = PBXFileReference; lastKnownFileType = file.xib; path = PupuIndexViewController.xib; sourceTree = "<group>"; };
		A6D1A10D2420CCF800CDEAC2 /* IndexHeaderView+Rx.swift */ = {isa = PBXFileReference; lastKnownFileType = sourcecode.swift; path = "IndexHeaderView+Rx.swift"; sourceTree = "<group>"; };
		A6D1A10F2420D93C00CDEAC2 /* PupuApiController.swift */ = {isa = PBXFileReference; lastKnownFileType = sourcecode.swift; path = PupuApiController.swift; sourceTree = "<group>"; };
		A6D1A1112420DA3D00CDEAC2 /* Banner.swift */ = {isa = PBXFileReference; lastKnownFileType = sourcecode.swift; path = Banner.swift; sourceTree = "<group>"; };
		A6D1A1142421092800CDEAC2 /* LTAutoScrollView.swift */ = {isa = PBXFileReference; lastKnownFileType = sourcecode.swift; path = LTAutoScrollView.swift; sourceTree = "<group>"; };
		A6D1A1162421148D00CDEAC2 /* IndexViewModel.swift */ = {isa = PBXFileReference; lastKnownFileType = sourcecode.swift; path = IndexViewModel.swift; sourceTree = "<group>"; };
		A6D1A118242119B900CDEAC2 /* LTAutoScrollView+Rx.swift */ = {isa = PBXFileReference; lastKnownFileType = sourcecode.swift; path = "LTAutoScrollView+Rx.swift"; sourceTree = "<group>"; };
		A6D1A11A2421B08800CDEAC2 /* Category.swift */ = {isa = PBXFileReference; lastKnownFileType = sourcecode.swift; path = Category.swift; sourceTree = "<group>"; };
		A6D1A11C2421C04F00CDEAC2 /* HomeCategoryCollectionViewCell.swift */ = {isa = PBXFileReference; lastKnownFileType = sourcecode.swift; path = HomeCategoryCollectionViewCell.swift; sourceTree = "<group>"; };
		A6D1A11D2421C04F00CDEAC2 /* HomeCategoryCollectionViewCell.xib */ = {isa = PBXFileReference; lastKnownFileType = file.xib; path = HomeCategoryCollectionViewCell.xib; sourceTree = "<group>"; };
		A6D1A1202421C14F00CDEAC2 /* HomeCategoryMoreView.swift */ = {isa = PBXFileReference; lastKnownFileType = sourcecode.swift; path = HomeCategoryMoreView.swift; sourceTree = "<group>"; };
		A6D1A1222421C16D00CDEAC2 /* HomeCategoryMoreView.xib */ = {isa = PBXFileReference; lastKnownFileType = file.xib; path = HomeCategoryMoreView.xib; sourceTree = "<group>"; };
		A6D1A1282422062700CDEAC2 /* categories.json */ = {isa = PBXFileReference; fileEncoding = 4; lastKnownFileType = text.json; path = categories.json; sourceTree = "<group>"; };
		A6D1A1292422062700CDEAC2 /* homePage.json */ = {isa = PBXFileReference; fileEncoding = 4; lastKnownFileType = text.json; path = homePage.json; sourceTree = "<group>"; };
		A6D1A12A2422062700CDEAC2 /* baseData.json */ = {isa = PBXFileReference; fileEncoding = 4; lastKnownFileType = text.json; path = baseData.json; sourceTree = "<group>"; };
		A6D1A12B2422062700CDEAC2 /* banner.json */ = {isa = PBXFileReference; fileEncoding = 4; lastKnownFileType = text.json; path = banner.json; sourceTree = "<group>"; };
		A6D1A12C2422062800CDEAC2 /* activity.json */ = {isa = PBXFileReference; fileEncoding = 4; lastKnownFileType = text.json; path = activity.json; sourceTree = "<group>"; };
		A6D1A12D2422062800CDEAC2 /* storeproduct.json */ = {isa = PBXFileReference; fileEncoding = 4; lastKnownFileType = text.json; path = storeproduct.json; sourceTree = "<group>"; };
		A6D1A1342422445400CDEAC2 /* HomeMenuCollectionViewCell.swift */ = {isa = PBXFileReference; lastKnownFileType = sourcecode.swift; path = HomeMenuCollectionViewCell.swift; sourceTree = "<group>"; };
		A6D1A1352422445400CDEAC2 /* HomeMenuCollectionViewCell.xib */ = {isa = PBXFileReference; lastKnownFileType = file.xib; path = HomeMenuCollectionViewCell.xib; sourceTree = "<group>"; };
		A6D1A13824225B4900CDEAC2 /* HomeMainSectionTableViewCell.swift */ = {isa = PBXFileReference; lastKnownFileType = sourcecode.swift; path = HomeMainSectionTableViewCell.swift; sourceTree = "<group>"; };
		A6D1A13924225B4900CDEAC2 /* HomeMainSectionTableViewCell.xib */ = {isa = PBXFileReference; lastKnownFileType = file.xib; path = HomeMainSectionTableViewCell.xib; sourceTree = "<group>"; };
		A6D1A13C2423119100CDEAC2 /* DwMultiResponseScrollView.swift */ = {isa = PBXFileReference; lastKnownFileType = sourcecode.swift; path = DwMultiResponseScrollView.swift; sourceTree = "<group>"; };
		A6D1A13E2423140700CDEAC2 /* ScreenUtil.swift */ = {isa = PBXFileReference; lastKnownFileType = sourcecode.swift; path = ScreenUtil.swift; sourceTree = "<group>"; };
		A6D1A1402423213700CDEAC2 /* HomeMainTableViewController.swift */ = {isa = PBXFileReference; lastKnownFileType = sourcecode.swift; path = HomeMainTableViewController.swift; sourceTree = "<group>"; };
		A6D1A1412423213700CDEAC2 /* HomeMainTableViewController.xib */ = {isa = PBXFileReference; lastKnownFileType = file.xib; path = HomeMainTableViewController.xib; sourceTree = "<group>"; };
		BAF82E91E03B0BFE17688284 /* Pods-DwPupuAbstract-DwPupuTests.debug.xcconfig */ = {isa = PBXFileReference; includeInIndex = 1; lastKnownFileType = text.xcconfig; name = "Pods-DwPupuAbstract-DwPupuTests.debug.xcconfig"; path = "Target Support Files/Pods-DwPupuAbstract-DwPupuTests/Pods-DwPupuAbstract-DwPupuTests.debug.xcconfig"; sourceTree = "<group>"; };
		D7211F44D6C1C27CD618159F /* Pods-DwPupuAbstract-DwPupuUITests.debug.xcconfig */ = {isa = PBXFileReference; includeInIndex = 1; lastKnownFileType = text.xcconfig; name = "Pods-DwPupuAbstract-DwPupuUITests.debug.xcconfig"; path = "Target Support Files/Pods-DwPupuAbstract-DwPupuUITests/Pods-DwPupuAbstract-DwPupuUITests.debug.xcconfig"; sourceTree = "<group>"; };
		D89982A8DE577919D97C85F8 /* Pods-DwPupuTests.debug.xcconfig */ = {isa = PBXFileReference; includeInIndex = 1; lastKnownFileType = text.xcconfig; name = "Pods-DwPupuTests.debug.xcconfig"; path = "Target Support Files/Pods-DwPupuTests/Pods-DwPupuTests.debug.xcconfig"; sourceTree = "<group>"; };
		EDE1D76AB4713B2069A192E1 /* Pods-DwPupuUITests.release.xcconfig */ = {isa = PBXFileReference; includeInIndex = 1; lastKnownFileType = text.xcconfig; name = "Pods-DwPupuUITests.release.xcconfig"; path = "Target Support Files/Pods-DwPupuUITests/Pods-DwPupuUITests.release.xcconfig"; sourceTree = "<group>"; };
/* End PBXFileReference section */

/* Begin PBXFrameworksBuildPhase section */
		A64F80B824299A2200DD232E /* Frameworks */ = {
			isa = PBXFrameworksBuildPhase;
			buildActionMask = 2147483647;
			files = (
				F2BD6F343CDB9F0DBF765E76 /* Pods_DwPupuAbstract_DwPupuTests.framework in Frameworks */,
			);
			runOnlyForDeploymentPostprocessing = 0;
		};
		A6C08A0A241F9F0300C6863B /* Frameworks */ = {
			isa = PBXFrameworksBuildPhase;
			buildActionMask = 2147483647;
			files = (
				50A345CD631FB9A64AD4AFE2 /* Pods_DwPupuAbstract_DwPupu.framework in Frameworks */,
			);
			runOnlyForDeploymentPostprocessing = 0;
		};
/* End PBXFrameworksBuildPhase section */

/* Begin PBXGroup section */
		73BCB604C6B98E7791B7ECF1 /* Frameworks */ = {
			isa = PBXGroup;
			children = (
				8410F3E14CD41A27167778AD /* Pods_DwPupuAbstract_DwPupu.framework */,
				2D59C25084DFB3D89E6FCACD /* Pods_DwPupuAbstract_DwPupuTests.framework */,
				A3A80CE46165BFCA6CFB59F9 /* Pods_DwPupuAbstract_DwPupuUITests.framework */,
			);
			name = Frameworks;
			sourceTree = "<group>";
		};
		A61DCF692420897A0036F8DC /* Utils */ = {
			isa = PBXGroup;
			children = (
				A61DCF6A2420898B0036F8DC /* DeviceUtil.swift */,
				A6D1A13E2423140700CDEAC2 /* ScreenUtil.swift */,
				A68AC4172425F5760058E2BB /* DwCellHeightProtocol.swift */,
				A68AC42124264B840058E2BB /* DwFlowCollectionViewLayout.swift */,
			);
			path = Utils;
			sourceTree = "<group>";
		};
		A64F80B424284A3D00DD232E /* Themes */ = {
			isa = PBXGroup;
			children = (
				A64F80B524284A5500DD232E /* Color+Theme.swift */,
			);
			path = Themes;
			sourceTree = "<group>";
		};
		A64F80BC24299A2200DD232E /* DwPupuTests */ = {
			isa = PBXGroup;
			children = (
				A64F80BD24299A2200DD232E /* DwPupuTests.swift */,
				A64F80BF24299A2200DD232E /* Info.plist */,
				A64F80C524299C1900DD232E /* CategoryViewModelTests.swift */,
			);
			path = DwPupuTests;
			sourceTree = "<group>";
		};
		A6682CB52423BF7A00989FA7 /* Cells */ = {
			isa = PBXGroup;
			children = (
				A6D1A11C2421C04F00CDEAC2 /* HomeCategoryCollectionViewCell.swift */,
				A6D1A11D2421C04F00CDEAC2 /* HomeCategoryCollectionViewCell.xib */,
				A6D1A1342422445400CDEAC2 /* HomeMenuCollectionViewCell.swift */,
				A6D1A1352422445400CDEAC2 /* HomeMenuCollectionViewCell.xib */,
				A6D1A13824225B4900CDEAC2 /* HomeMainSectionTableViewCell.swift */,
				A6D1A13924225B4900CDEAC2 /* HomeMainSectionTableViewCell.xib */,
				A6682CBA2423BFC800989FA7 /* HomeShopRecommendBlickTableViewCell.swift */,
				A6682CBB2423BFC800989FA7 /* HomeShopRecommendBlickTableViewCell.xib */,
				A68AC4132425BD380058E2BB /* HomeShopOtherBlockTableViewCell.swift */,
				A68AC4142425BD380058E2BB /* HomeShopOtherBlockTableViewCell.xib */,
				A68AC41D242643130058E2BB /* HomeItemListCollectionViewCell.swift */,
				A68AC41E242643130058E2BB /* HomeItemListCollectionViewCell.xib */,
				A68AC42C2426F8710058E2BB /* CategoryNaviTableViewCell.swift */,
				A68AC42D2426F8710058E2BB /* CategoryNaviTableViewCell.xib */,
				A68AC43424271FC90058E2BB /* CategoryMainTopCollectionViewCell.swift */,
				A68AC43524271FC90058E2BB /* CategoryMainTopCollectionViewCell.xib */,
				A68AC43824271FE70058E2BB /* CategoryMainItemCollectionViewCell.swift */,
				A68AC43924271FE70058E2BB /* CategoryMainItemCollectionViewCell.xib */,
			);
			path = Cells;
			sourceTree = "<group>";
		};
		A6682CBE2423CA3800989FA7 /* Extensions */ = {
			isa = PBXGroup;
			children = (
				A6682CBF2423CA5100989FA7 /* TableView+.swift */,
				A68AC42324265B060058E2BB /* CollectionView+.swift */,
				A68AC428242665DF0058E2BB /* String+.swift */,
			);
			path = Extensions;
			sourceTree = "<group>";
		};
		A6792E50241FAD3900197870 /* Common Classes */ = {
			isa = PBXGroup;
			children = (
				A64F80B424284A3D00DD232E /* Themes */,
				A6682CBE2423CA3800989FA7 /* Extensions */,
				A6D1A1132421091600CDEAC2 /* Views */,
				A61DCF692420897A0036F8DC /* Utils */,
				A6792E69241FCD6400197870 /* ViewControllers */,
			);
			path = "Common Classes";
			sourceTree = "<group>";
		};
		A6792E51241FAD5E00197870 /* Assets */ = {
			isa = PBXGroup;
			children = (
				A6792E57241FB9BC00197870 /* Arial Narrow Bold.ttf */,
				A6C08A19241F9F0600C6863B /* Assets.xcassets */,
				A6C08A1E241F9F0600C6863B /* Info.plist */,
			);
			path = Assets;
			sourceTree = "<group>";
		};
		A6792E52241FAD8100197870 /* ViewControllers */ = {
			isa = PBXGroup;
			children = (
				A6792E6A241FCDA400197870 /* DwTabBarController.swift */,
				A6C08A40241F9F7F00C6863B /* PupuIndexViewController.swift */,
				A6C08A41241F9F7F00C6863B /* PupuIndexViewController.xib */,
				A6792E58241FC14600197870 /* PupuCategoryViewController.swift */,
				A6792E59241FC14600197870 /* PupuCategoryViewController.xib */,
				A6792E5C241FC16600197870 /* PupuTodayHotViewController.swift */,
				A6792E5D241FC16600197870 /* PupuTodayHotViewController.xib */,
				A6792E60241FC18A00197870 /* PupuShopCarViewController.swift */,
				A6792E61241FC18A00197870 /* PupuShopCarViewController.xib */,
				A6792E64241FC1BC00197870 /* PupuMyViewController.swift */,
				A6792E65241FC1BC00197870 /* PupuMyViewController.xib */,
				A6D1A1402423213700CDEAC2 /* HomeMainTableViewController.swift */,
				A6D1A1412423213700CDEAC2 /* HomeMainTableViewController.xib */,
				A68AC4192426316A0058E2BB /* HomeItemListViewController.swift */,
				A68AC41A2426316A0058E2BB /* HomeItemListViewController.xib */,
				A68AC43024270C560058E2BB /* CategoryMainItemViewController.swift */,
				A68AC43124270C560058E2BB /* CategoryMainItemViewController.xib */,
			);
			path = ViewControllers;
			sourceTree = "<group>";
		};
		A6792E53241FAD9000197870 /* Extensions */ = {
			isa = PBXGroup;
			children = (
				A6D1A10D2420CCF800CDEAC2 /* IndexHeaderView+Rx.swift */,
				A6D1A118242119B900CDEAC2 /* LTAutoScrollView+Rx.swift */,
			);
			path = Extensions;
			sourceTree = "<group>";
		};
		A6792E54241FADA400197870 /* View Models */ = {
			isa = PBXGroup;
			children = (
				A6D1A1162421148D00CDEAC2 /* IndexViewModel.swift */,
				A68AC42A2426F3500058E2BB /* CategoryViewModel.swift */,
			);
			path = "View Models";
			sourceTree = "<group>";
		};
		A6792E55241FAE2900197870 /* Models */ = {
			isa = PBXGroup;
			children = (
				A6D1A1112420DA3D00CDEAC2 /* Banner.swift */,
				A6D1A11A2421B08800CDEAC2 /* Category.swift */,
				A6682CC12424C6FE00989FA7 /* HomeItem.swift */,
				A6682CC32424C72200989FA7 /* HomeSubItem.swift */,
			);
			path = Models;
			sourceTree = "<group>";
		};
		A6792E56241FAE4500197870 /* PupuApi */ = {
			isa = PBXGroup;
			children = (
				A6D1A10F2420D93C00CDEAC2 /* PupuApiController.swift */,
			);
			path = PupuApi;
			sourceTree = "<group>";
		};
		A6792E69241FCD6400197870 /* ViewControllers */ = {
			isa = PBXGroup;
			children = (
			);
			path = ViewControllers;
			sourceTree = "<group>";
		};
		A6792E6C241FD1E200197870 /* Views */ = {
			isa = PBXGroup;
			children = (
				A6682CB52423BF7A00989FA7 /* Cells */,
				A6792E6D241FD1F500197870 /* DwTabBar.swift */,
				A61DCF65242081F50036F8DC /* IndexHeaderView.swift */,
				A61DCF67242082CC0036F8DC /* IndexHeaderView.xib */,
				A6D1A1202421C14F00CDEAC2 /* HomeCategoryMoreView.swift */,
				A6D1A1222421C16D00CDEAC2 /* HomeCategoryMoreView.xib */,
			);
			path = Views;
			sourceTree = "<group>";
		};
		A68AC42524265F540058E2BB /* Protocols */ = {
			isa = PBXGroup;
			children = (
				A68AC42624265F7F0058E2BB /* ChildScrollableProtocol.swift */,
			);
			path = Protocols;
			sourceTree = "<group>";
		};
		A6C08A04241F9F0300C6863B = {
			isa = PBXGroup;
			children = (
				A6D1A124242204DE00CDEAC2 /* ApiCache */,
				A6792E56241FAE4500197870 /* PupuApi */,
				A6792E55241FAE2900197870 /* Models */,
				A6792E54241FADA400197870 /* View Models */,
				A6792E50241FAD3900197870 /* Common Classes */,
				A6C08A0F241F9F0300C6863B /* DwPupu */,
				A64F80BC24299A2200DD232E /* DwPupuTests */,
				A6C08A0E241F9F0300C6863B /* Products */,
				EC20371452BB56CCAD6F04FD /* Pods */,
				73BCB604C6B98E7791B7ECF1 /* Frameworks */,
			);
			sourceTree = "<group>";
		};
		A6C08A0E241F9F0300C6863B /* Products */ = {
			isa = PBXGroup;
			children = (
				A6C08A0D241F9F0300C6863B /* 仿朴朴.app */,
				A64F80BB24299A2200DD232E /* DwPupuTests.xctest */,
			);
			name = Products;
			sourceTree = "<group>";
		};
		A6C08A0F241F9F0300C6863B /* DwPupu */ = {
			isa = PBXGroup;
			children = (
				A68AC42524265F540058E2BB /* Protocols */,
				A6792E6C241FD1E200197870 /* Views */,
				A6792E53241FAD9000197870 /* Extensions */,
				A6792E52241FAD8100197870 /* ViewControllers */,
				A6792E51241FAD5E00197870 /* Assets */,
				A6C08A10241F9F0300C6863B /* AppDelegate.swift */,
			);
			path = DwPupu;
			sourceTree = "<group>";
		};
		A6D1A1132421091600CDEAC2 /* Views */ = {
			isa = PBXGroup;
			children = (
				A6D1A1142421092800CDEAC2 /* LTAutoScrollView.swift */,
				A6D1A13C2423119100CDEAC2 /* DwMultiResponseScrollView.swift */,
				A6682CB32423475A00989FA7 /* DwAutoCollectionViewFlowLayout.swift */,
			);
			path = Views;
			sourceTree = "<group>";
		};
		A6D1A124242204DE00CDEAC2 /* ApiCache */ = {
			isa = PBXGroup;
			children = (
				A6D1A125242204FC00CDEAC2 /* 1.0 */,
			);
			path = ApiCache;
			sourceTree = "<group>";
		};
		A6D1A125242204FC00CDEAC2 /* 1.0 */ = {
			isa = PBXGroup;
			children = (
				A6D1A12C2422062800CDEAC2 /* activity.json */,
				A6D1A12B2422062700CDEAC2 /* banner.json */,
				A6D1A12A2422062700CDEAC2 /* baseData.json */,
				A6D1A1282422062700CDEAC2 /* categories.json */,
				A6D1A1292422062700CDEAC2 /* homePage.json */,
				A6D1A12D2422062800CDEAC2 /* storeproduct.json */,
			);
			path = 1.0;
			sourceTree = "<group>";
		};
		EC20371452BB56CCAD6F04FD /* Pods */ = {
			isa = PBXGroup;
			children = (
				5192E84CDF03301C1934C226 /* Pods-DwPupuAbstract-DwPupu.debug.xcconfig */,
				6F34807880DDDEC8F32458BA /* Pods-DwPupuAbstract-DwPupu.release.xcconfig */,
				BAF82E91E03B0BFE17688284 /* Pods-DwPupuAbstract-DwPupuTests.debug.xcconfig */,
				18F177F8E714D693E09F29F2 /* Pods-DwPupuAbstract-DwPupuTests.release.xcconfig */,
				D7211F44D6C1C27CD618159F /* Pods-DwPupuAbstract-DwPupuUITests.debug.xcconfig */,
				6992C6460A59726FBDBD157E /* Pods-DwPupuAbstract-DwPupuUITests.release.xcconfig */,
				D89982A8DE577919D97C85F8 /* Pods-DwPupuTests.debug.xcconfig */,
				215A1D8AF849FBF006EB5F17 /* Pods-DwPupuTests.release.xcconfig */,
				058A3A0CBA51A495EE19418E /* Pods-DwPupuUITests.debug.xcconfig */,
				EDE1D76AB4713B2069A192E1 /* Pods-DwPupuUITests.release.xcconfig */,
			);
			path = Pods;
			sourceTree = "<group>";
		};
/* End PBXGroup section */

/* Begin PBXNativeTarget section */
		A64F80BA24299A2200DD232E /* DwPupuTests */ = {
			isa = PBXNativeTarget;
			buildConfigurationList = A64F80C424299A2200DD232E /* Build configuration list for PBXNativeTarget "DwPupuTests" */;
			buildPhases = (
				49325AE7B87BDDAFDADE03C2 /* [CP] Check Pods Manifest.lock */,
				A64F80B724299A2200DD232E /* Sources */,
				A64F80B824299A2200DD232E /* Frameworks */,
				A64F80B924299A2200DD232E /* Resources */,
				57FC8EDD3794BA3B9704EA25 /* [CP] Embed Pods Frameworks */,
			);
			buildRules = (
			);
			dependencies = (
				A64F80C124299A2200DD232E /* PBXTargetDependency */,
			);
			name = DwPupuTests;
			productName = DwPupuTests;
			productReference = A64F80BB24299A2200DD232E /* DwPupuTests.xctest */;
			productType = "com.apple.product-type.bundle.unit-test";
		};
		A6C08A0C241F9F0300C6863B /* DwPupu */ = {
			isa = PBXNativeTarget;
			buildConfigurationList = A6C08A37241F9F0700C6863B /* Build configuration list for PBXNativeTarget "DwPupu" */;
			buildPhases = (
				7E48439CCD7A41C1ACFDC934 /* [CP] Check Pods Manifest.lock */,
				A6C08A09241F9F0300C6863B /* Sources */,
				A6C08A0A241F9F0300C6863B /* Frameworks */,
				A6C08A0B241F9F0300C6863B /* Resources */,
				57996D3696E108F7C18BB406 /* [CP] Embed Pods Frameworks */,
			);
			buildRules = (
			);
			dependencies = (
			);
			name = DwPupu;
			productName = DwPupu;
			productReference = A6C08A0D241F9F0300C6863B /* 仿朴朴.app */;
			productType = "com.apple.product-type.application";
		};
/* End PBXNativeTarget section */

/* Begin PBXProject section */
		A6C08A05241F9F0300C6863B /* Project object */ = {
			isa = PBXProject;
			attributes = {
				LastSwiftUpdateCheck = 1130;
				LastUpgradeCheck = 1130;
				ORGANIZATIONNAME = davidandty;
				TargetAttributes = {
					A64F80BA24299A2200DD232E = {
						CreatedOnToolsVersion = 11.3;
						TestTargetID = A6C08A0C241F9F0300C6863B;
					};
					A6C08A0C241F9F0300C6863B = {
						CreatedOnToolsVersion = 11.3;
					};
				};
			};
			buildConfigurationList = A6C08A08241F9F0300C6863B /* Build configuration list for PBXProject "DwPupu" */;
			compatibilityVersion = "Xcode 9.3";
			developmentRegion = en;
			hasScannedForEncodings = 0;
			knownRegions = (
				en,
				Base,
			);
			mainGroup = A6C08A04241F9F0300C6863B;
			productRefGroup = A6C08A0E241F9F0300C6863B /* Products */;
			projectDirPath = "";
			projectRoot = "";
			targets = (
				A6C08A0C241F9F0300C6863B /* DwPupu */,
				A64F80BA24299A2200DD232E /* DwPupuTests */,
			);
		};
/* End PBXProject section */

/* Begin PBXResourcesBuildPhase section */
		A64F80B924299A2200DD232E /* Resources */ = {
			isa = PBXResourcesBuildPhase;
			buildActionMask = 2147483647;
			files = (
			);
			runOnlyForDeploymentPostprocessing = 0;
		};
		A6C08A0B241F9F0300C6863B /* Resources */ = {
			isa = PBXResourcesBuildPhase;
			buildActionMask = 2147483647;
			files = (
				A6D1A1322422062800CDEAC2 /* activity.json in Resources */,
				A6792E63241FC18A00197870 /* PupuShopCarViewController.xib in Resources */,
				A6792E5F241FC16600197870 /* PupuTodayHotViewController.xib in Resources */,
				A68AC41C2426316A0058E2BB /* HomeItemListViewController.xib in Resources */,
				A68AC42F2426F8710058E2BB /* CategoryNaviTableViewCell.xib in Resources */,
				A6D1A1302422062800CDEAC2 /* baseData.json in Resources */,
				A6D1A13B24225B4900CDEAC2 /* HomeMainSectionTableViewCell.xib in Resources */,
				A6D1A1372422445500CDEAC2 /* HomeMenuCollectionViewCell.xib in Resources */,
				A6792E67241FC1BC00197870 /* PupuMyViewController.xib in Resources */,
				A68AC43724271FC90058E2BB /* CategoryMainTopCollectionViewCell.xib in Resources */,
				A68AC4162425BD380058E2BB /* HomeShopOtherBlockTableViewCell.xib in Resources */,
				A6D1A12E2422062800CDEAC2 /* categories.json in Resources */,
				A6D1A1312422062800CDEAC2 /* banner.json in Resources */,
				A6D1A1232421C16D00CDEAC2 /* HomeCategoryMoreView.xib in Resources */,
				A6D1A12F2422062800CDEAC2 /* homePage.json in Resources */,
				A6C08A43241F9F7F00C6863B /* PupuIndexViewController.xib in Resources */,
				A6C08A1A241F9F0600C6863B /* Assets.xcassets in Resources */,
				A6D1A11F2421C04F00CDEAC2 /* HomeCategoryCollectionViewCell.xib in Resources */,
				A6D1A1332422062800CDEAC2 /* storeproduct.json in Resources */,
				A6D1A1432423213700CDEAC2 /* HomeMainTableViewController.xib in Resources */,
				A68AC420242643130058E2BB /* HomeItemListCollectionViewCell.xib in Resources */,
				A68AC43324270C560058E2BB /* CategoryMainItemViewController.xib in Resources */,
				A68AC43B24271FE70058E2BB /* CategoryMainItemCollectionViewCell.xib in Resources */,
				A61DCF68242082CC0036F8DC /* IndexHeaderView.xib in Resources */,
				A6792E5B241FC14600197870 /* PupuCategoryViewController.xib in Resources */,
				A6682CBD2423BFC800989FA7 /* HomeShopRecommendBlickTableViewCell.xib in Resources */,
			);
			runOnlyForDeploymentPostprocessing = 0;
		};
/* End PBXResourcesBuildPhase section */

/* Begin PBXShellScriptBuildPhase section */
		49325AE7B87BDDAFDADE03C2 /* [CP] Check Pods Manifest.lock */ = {
			isa = PBXShellScriptBuildPhase;
			buildActionMask = 2147483647;
			files = (
			);
			inputFileListPaths = (
			);
			inputPaths = (
				"${PODS_PODFILE_DIR_PATH}/Podfile.lock",
				"${PODS_ROOT}/Manifest.lock",
			);
			name = "[CP] Check Pods Manifest.lock";
			outputFileListPaths = (
			);
			outputPaths = (
				"$(DERIVED_FILE_DIR)/Pods-DwPupuAbstract-DwPupuTests-checkManifestLockResult.txt",
			);
			runOnlyForDeploymentPostprocessing = 0;
			shellPath = /bin/sh;
			shellScript = "diff \"${PODS_PODFILE_DIR_PATH}/Podfile.lock\" \"${PODS_ROOT}/Manifest.lock\" > /dev/null\nif [ $? != 0 ] ; then\n    # print error to STDERR\n    echo \"error: The sandbox is not in sync with the Podfile.lock. Run 'pod install' or update your CocoaPods installation.\" >&2\n    exit 1\nfi\n# This output is used by Xcode 'outputs' to avoid re-running this script phase.\necho \"SUCCESS\" > \"${SCRIPT_OUTPUT_FILE_0}\"\n";
			showEnvVarsInLog = 0;
		};
		57996D3696E108F7C18BB406 /* [CP] Embed Pods Frameworks */ = {
			isa = PBXShellScriptBuildPhase;
			buildActionMask = 2147483647;
			files = (
			);
			inputFileListPaths = (
				"${PODS_ROOT}/Target Support Files/Pods-DwPupuAbstract-DwPupu/Pods-DwPupuAbstract-DwPupu-frameworks-${CONFIGURATION}-input-files.xcfilelist",
			);
			name = "[CP] Embed Pods Frameworks";
			outputFileListPaths = (
				"${PODS_ROOT}/Target Support Files/Pods-DwPupuAbstract-DwPupu/Pods-DwPupuAbstract-DwPupu-frameworks-${CONFIGURATION}-output-files.xcfilelist",
			);
			runOnlyForDeploymentPostprocessing = 0;
			shellPath = /bin/sh;
			shellScript = "\"${PODS_ROOT}/Target Support Files/Pods-DwPupuAbstract-DwPupu/Pods-DwPupuAbstract-DwPupu-frameworks.sh\"\n";
			showEnvVarsInLog = 0;
		};
		57FC8EDD3794BA3B9704EA25 /* [CP] Embed Pods Frameworks */ = {
			isa = PBXShellScriptBuildPhase;
			buildActionMask = 2147483647;
			files = (
			);
			inputFileListPaths = (
				"${PODS_ROOT}/Target Support Files/Pods-DwPupuAbstract-DwPupuTests/Pods-DwPupuAbstract-DwPupuTests-frameworks-${CONFIGURATION}-input-files.xcfilelist",
			);
			name = "[CP] Embed Pods Frameworks";
			outputFileListPaths = (
				"${PODS_ROOT}/Target Support Files/Pods-DwPupuAbstract-DwPupuTests/Pods-DwPupuAbstract-DwPupuTests-frameworks-${CONFIGURATION}-output-files.xcfilelist",
			);
			runOnlyForDeploymentPostprocessing = 0;
			shellPath = /bin/sh;
			shellScript = "\"${PODS_ROOT}/Target Support Files/Pods-DwPupuAbstract-DwPupuTests/Pods-DwPupuAbstract-DwPupuTests-frameworks.sh\"\n";
			showEnvVarsInLog = 0;
		};
		7E48439CCD7A41C1ACFDC934 /* [CP] Check Pods Manifest.lock */ = {
			isa = PBXShellScriptBuildPhase;
			buildActionMask = 2147483647;
			files = (
			);
			inputFileListPaths = (
			);
			inputPaths = (
				"${PODS_PODFILE_DIR_PATH}/Podfile.lock",
				"${PODS_ROOT}/Manifest.lock",
			);
			name = "[CP] Check Pods Manifest.lock";
			outputFileListPaths = (
			);
			outputPaths = (
				"$(DERIVED_FILE_DIR)/Pods-DwPupuAbstract-DwPupu-checkManifestLockResult.txt",
			);
			runOnlyForDeploymentPostprocessing = 0;
			shellPath = /bin/sh;
			shellScript = "diff \"${PODS_PODFILE_DIR_PATH}/Podfile.lock\" \"${PODS_ROOT}/Manifest.lock\" > /dev/null\nif [ $? != 0 ] ; then\n    # print error to STDERR\n    echo \"error: The sandbox is not in sync with the Podfile.lock. Run 'pod install' or update your CocoaPods installation.\" >&2\n    exit 1\nfi\n# This output is used by Xcode 'outputs' to avoid re-running this script phase.\necho \"SUCCESS\" > \"${SCRIPT_OUTPUT_FILE_0}\"\n";
			showEnvVarsInLog = 0;
		};
/* End PBXShellScriptBuildPhase section */

/* Begin PBXSourcesBuildPhase section */
		A64F80B724299A2200DD232E /* Sources */ = {
			isa = PBXSourcesBuildPhase;
			buildActionMask = 2147483647;
			files = (
				A64F80C624299C1900DD232E /* CategoryViewModelTests.swift in Sources */,
				A64F80BE24299A2200DD232E /* DwPupuTests.swift in Sources */,
			);
			runOnlyForDeploymentPostprocessing = 0;
		};
		A6C08A09241F9F0300C6863B /* Sources */ = {
			isa = PBXSourcesBuildPhase;
			buildActionMask = 2147483647;
			files = (
				A68AC4182425F5760058E2BB /* DwCellHeightProtocol.swift in Sources */,
				A68AC43624271FC90058E2BB /* CategoryMainTopCollectionViewCell.swift in Sources */,
				A6792E6E241FD1F500197870 /* DwTabBar.swift in Sources */,
				A6D1A11E2421C04F00CDEAC2 /* HomeCategoryCollectionViewCell.swift in Sources */,
				A6792E66241FC1BC00197870 /* PupuMyViewController.swift in Sources */,
				A6792E5E241FC16600197870 /* PupuTodayHotViewController.swift in Sources */,
				A68AC429242665E00058E2BB /* String+.swift in Sources */,
				A6D1A1212421C14F00CDEAC2 /* HomeCategoryMoreView.swift in Sources */,
				A6682CC02423CA5100989FA7 /* TableView+.swift in Sources */,
				A6D1A13A24225B4900CDEAC2 /* HomeMainSectionTableViewCell.swift in Sources */,
				A6D1A13F2423140700CDEAC2 /* ScreenUtil.swift in Sources */,
				A68AC42B2426F3500058E2BB /* CategoryViewModel.swift in Sources */,
				A68AC42724265F7F0058E2BB /* ChildScrollableProtocol.swift in Sources */,
				A61DCF6B2420898B0036F8DC /* DeviceUtil.swift in Sources */,
				A68AC4152425BD380058E2BB /* HomeShopOtherBlockTableViewCell.swift in Sources */,
				A6C08A42241F9F7F00C6863B /* PupuIndexViewController.swift in Sources */,
				A6682CB42423475A00989FA7 /* DwAutoCollectionViewFlowLayout.swift in Sources */,
				A64F80B624284A5500DD232E /* Color+Theme.swift in Sources */,
				A68AC43224270C560058E2BB /* CategoryMainItemViewController.swift in Sources */,
				A6792E6B241FCDA400197870 /* DwTabBarController.swift in Sources */,
				A6D1A1362422445500CDEAC2 /* HomeMenuCollectionViewCell.swift in Sources */,
				A6682CC22424C6FE00989FA7 /* HomeItem.swift in Sources */,
				A6D1A1422423213700CDEAC2 /* HomeMainTableViewController.swift in Sources */,
				A68AC41F242643130058E2BB /* HomeItemListCollectionViewCell.swift in Sources */,
				A6682CBC2423BFC800989FA7 /* HomeShopRecommendBlickTableViewCell.swift in Sources */,
				A68AC43A24271FE70058E2BB /* CategoryMainItemCollectionViewCell.swift in Sources */,
				A61DCF66242081F50036F8DC /* IndexHeaderView.swift in Sources */,
				A68AC42224264B840058E2BB /* DwFlowCollectionViewLayout.swift in Sources */,
				A6D1A10E2420CCF800CDEAC2 /* IndexHeaderView+Rx.swift in Sources */,
				A6D1A1102420D93C00CDEAC2 /* PupuApiController.swift in Sources */,
				A6792E5A241FC14600197870 /* PupuCategoryViewController.swift in Sources */,
				A6C08A11241F9F0300C6863B /* AppDelegate.swift in Sources */,
				A6D1A13D2423119200CDEAC2 /* DwMultiResponseScrollView.swift in Sources */,
				A68AC42424265B060058E2BB /* CollectionView+.swift in Sources */,
				A6D1A11B2421B08800CDEAC2 /* Category.swift in Sources */,
				A6682CC42424C72200989FA7 /* HomeSubItem.swift in Sources */,
				A6D1A1122420DA3D00CDEAC2 /* Banner.swift in Sources */,
				A6D1A119242119B900CDEAC2 /* LTAutoScrollView+Rx.swift in Sources */,
				A68AC41B2426316A0058E2BB /* HomeItemListViewController.swift in Sources */,
				A6D1A1152421092800CDEAC2 /* LTAutoScrollView.swift in Sources */,
				A68AC42E2426F8710058E2BB /* CategoryNaviTableViewCell.swift in Sources */,
				A6792E62241FC18A00197870 /* PupuShopCarViewController.swift in Sources */,
				A6D1A1172421148D00CDEAC2 /* IndexViewModel.swift in Sources */,
			);
			runOnlyForDeploymentPostprocessing = 0;
		};
/* End PBXSourcesBuildPhase section */

/* Begin PBXTargetDependency section */
		A64F80C124299A2200DD232E /* PBXTargetDependency */ = {
			isa = PBXTargetDependency;
			target = A6C08A0C241F9F0300C6863B /* DwPupu */;
			targetProxy = A64F80C024299A2200DD232E /* PBXContainerItemProxy */;
		};
/* End PBXTargetDependency section */

/* Begin XCBuildConfiguration section */
		A64F80C224299A2200DD232E /* Debug */ = {
			isa = XCBuildConfiguration;
			baseConfigurationReference = BAF82E91E03B0BFE17688284 /* Pods-DwPupuAbstract-DwPupuTests.debug.xcconfig */;
			buildSettings = {
				BUNDLE_LOADER = "$(TEST_HOST)";
				CODE_SIGN_STYLE = Automatic;
				DEVELOPMENT_TEAM = L6U7BB57HF;
				INFOPLIST_FILE = DwPupuTests/Info.plist;
				LD_RUNPATH_SEARCH_PATHS = (
					"$(inherited)",
					"@executable_path/Frameworks",
					"@loader_path/Frameworks",
				);
				PRODUCT_BUNDLE_IDENTIFIER = com.davidandty.DwPupuTests;
				PRODUCT_NAME = "$(TARGET_NAME)";
				SWIFT_VERSION = 5.0;
				TARGETED_DEVICE_FAMILY = "1,2";
				TEST_HOST = "$(BUILT_PRODUCTS_DIR)/朴朴.app/朴朴";
			};
			name = Debug;
		};
		A64F80C324299A2200DD232E /* Release */ = {
			isa = XCBuildConfiguration;
			baseConfigurationReference = 18F177F8E714D693E09F29F2 /* Pods-DwPupuAbstract-DwPupuTests.release.xcconfig */;
			buildSettings = {
				BUNDLE_LOADER = "$(TEST_HOST)";
				CODE_SIGN_STYLE = Automatic;
				DEVELOPMENT_TEAM = L6U7BB57HF;
				INFOPLIST_FILE = DwPupuTests/Info.plist;
				LD_RUNPATH_SEARCH_PATHS = (
					"$(inherited)",
					"@executable_path/Frameworks",
					"@loader_path/Frameworks",
				);
				PRODUCT_BUNDLE_IDENTIFIER = com.davidandty.DwPupuTests;
				PRODUCT_NAME = "$(TARGET_NAME)";
				SWIFT_VERSION = 5.0;
				TARGETED_DEVICE_FAMILY = "1,2";
				TEST_HOST = "$(BUILT_PRODUCTS_DIR)/朴朴.app/朴朴";
			};
			name = Release;
		};
		A6C08A35241F9F0700C6863B /* Debug */ = {
			isa = XCBuildConfiguration;
			buildSettings = {
				ALWAYS_SEARCH_USER_PATHS = NO;
				CLANG_ANALYZER_NONNULL = YES;
				CLANG_ANALYZER_NUMBER_OBJECT_CONVERSION = YES_AGGRESSIVE;
				CLANG_CXX_LANGUAGE_STANDARD = "gnu++14";
				CLANG_CXX_LIBRARY = "libc++";
				CLANG_ENABLE_MODULES = YES;
				CLANG_ENABLE_OBJC_ARC = YES;
				CLANG_ENABLE_OBJC_WEAK = YES;
				CLANG_WARN_BLOCK_CAPTURE_AUTORELEASING = YES;
				CLANG_WARN_BOOL_CONVERSION = YES;
				CLANG_WARN_COMMA = YES;
				CLANG_WARN_CONSTANT_CONVERSION = YES;
				CLANG_WARN_DEPRECATED_OBJC_IMPLEMENTATIONS = YES;
				CLANG_WARN_DIRECT_OBJC_ISA_USAGE = YES_ERROR;
				CLANG_WARN_DOCUMENTATION_COMMENTS = YES;
				CLANG_WARN_EMPTY_BODY = YES;
				CLANG_WARN_ENUM_CONVERSION = YES;
				CLANG_WARN_INFINITE_RECURSION = YES;
				CLANG_WARN_INT_CONVERSION = YES;
				CLANG_WARN_NON_LITERAL_NULL_CONVERSION = YES;
				CLANG_WARN_OBJC_IMPLICIT_RETAIN_SELF = YES;
				CLANG_WARN_OBJC_LITERAL_CONVERSION = YES;
				CLANG_WARN_OBJC_ROOT_CLASS = YES_ERROR;
				CLANG_WARN_RANGE_LOOP_ANALYSIS = YES;
				CLANG_WARN_STRICT_PROTOTYPES = YES;
				CLANG_WARN_SUSPICIOUS_MOVE = YES;
				CLANG_WARN_UNGUARDED_AVAILABILITY = YES_AGGRESSIVE;
				CLANG_WARN_UNREACHABLE_CODE = YES;
				CLANG_WARN__DUPLICATE_METHOD_MATCH = YES;
				COPY_PHASE_STRIP = NO;
				DEBUG_INFORMATION_FORMAT = dwarf;
				ENABLE_STRICT_OBJC_MSGSEND = YES;
				ENABLE_TESTABILITY = YES;
				GCC_C_LANGUAGE_STANDARD = gnu11;
				GCC_DYNAMIC_NO_PIC = NO;
				GCC_NO_COMMON_BLOCKS = YES;
				GCC_OPTIMIZATION_LEVEL = 0;
				GCC_PREPROCESSOR_DEFINITIONS = (
					"DEBUG=1",
					"$(inherited)",
				);
				GCC_WARN_64_TO_32_BIT_CONVERSION = YES;
				GCC_WARN_ABOUT_RETURN_TYPE = YES_ERROR;
				GCC_WARN_UNDECLARED_SELECTOR = YES;
				GCC_WARN_UNINITIALIZED_AUTOS = YES_AGGRESSIVE;
				GCC_WARN_UNUSED_FUNCTION = YES;
				GCC_WARN_UNUSED_VARIABLE = YES;
				IPHONEOS_DEPLOYMENT_TARGET = 13.2;
				MTL_ENABLE_DEBUG_INFO = INCLUDE_SOURCE;
				MTL_FAST_MATH = YES;
				ONLY_ACTIVE_ARCH = YES;
				SDKROOT = iphoneos;
				SWIFT_ACTIVE_COMPILATION_CONDITIONS = DEBUG;
				SWIFT_OPTIMIZATION_LEVEL = "-Onone";
			};
			name = Debug;
		};
		A6C08A36241F9F0700C6863B /* Release */ = {
			isa = XCBuildConfiguration;
			buildSettings = {
				ALWAYS_SEARCH_USER_PATHS = NO;
				CLANG_ANALYZER_NONNULL = YES;
				CLANG_ANALYZER_NUMBER_OBJECT_CONVERSION = YES_AGGRESSIVE;
				CLANG_CXX_LANGUAGE_STANDARD = "gnu++14";
				CLANG_CXX_LIBRARY = "libc++";
				CLANG_ENABLE_MODULES = YES;
				CLANG_ENABLE_OBJC_ARC = YES;
				CLANG_ENABLE_OBJC_WEAK = YES;
				CLANG_WARN_BLOCK_CAPTURE_AUTORELEASING = YES;
				CLANG_WARN_BOOL_CONVERSION = YES;
				CLANG_WARN_COMMA = YES;
				CLANG_WARN_CONSTANT_CONVERSION = YES;
				CLANG_WARN_DEPRECATED_OBJC_IMPLEMENTATIONS = YES;
				CLANG_WARN_DIRECT_OBJC_ISA_USAGE = YES_ERROR;
				CLANG_WARN_DOCUMENTATION_COMMENTS = YES;
				CLANG_WARN_EMPTY_BODY = YES;
				CLANG_WARN_ENUM_CONVERSION = YES;
				CLANG_WARN_INFINITE_RECURSION = YES;
				CLANG_WARN_INT_CONVERSION = YES;
				CLANG_WARN_NON_LITERAL_NULL_CONVERSION = YES;
				CLANG_WARN_OBJC_IMPLICIT_RETAIN_SELF = YES;
				CLANG_WARN_OBJC_LITERAL_CONVERSION = YES;
				CLANG_WARN_OBJC_ROOT_CLASS = YES_ERROR;
				CLANG_WARN_RANGE_LOOP_ANALYSIS = YES;
				CLANG_WARN_STRICT_PROTOTYPES = YES;
				CLANG_WARN_SUSPICIOUS_MOVE = YES;
				CLANG_WARN_UNGUARDED_AVAILABILITY = YES_AGGRESSIVE;
				CLANG_WARN_UNREACHABLE_CODE = YES;
				CLANG_WARN__DUPLICATE_METHOD_MATCH = YES;
				COPY_PHASE_STRIP = NO;
				DEBUG_INFORMATION_FORMAT = "dwarf-with-dsym";
				ENABLE_NS_ASSERTIONS = NO;
				ENABLE_STRICT_OBJC_MSGSEND = YES;
				GCC_C_LANGUAGE_STANDARD = gnu11;
				GCC_NO_COMMON_BLOCKS = YES;
				GCC_WARN_64_TO_32_BIT_CONVERSION = YES;
				GCC_WARN_ABOUT_RETURN_TYPE = YES_ERROR;
				GCC_WARN_UNDECLARED_SELECTOR = YES;
				GCC_WARN_UNINITIALIZED_AUTOS = YES_AGGRESSIVE;
				GCC_WARN_UNUSED_FUNCTION = YES;
				GCC_WARN_UNUSED_VARIABLE = YES;
				IPHONEOS_DEPLOYMENT_TARGET = 13.2;
				MTL_ENABLE_DEBUG_INFO = NO;
				MTL_FAST_MATH = YES;
				SDKROOT = iphoneos;
				SWIFT_COMPILATION_MODE = wholemodule;
				SWIFT_OPTIMIZATION_LEVEL = "-O";
				VALIDATE_PRODUCT = YES;
			};
			name = Release;
		};
		A6C08A38241F9F0700C6863B /* Debug */ = {
			isa = XCBuildConfiguration;
			baseConfigurationReference = 5192E84CDF03301C1934C226 /* Pods-DwPupuAbstract-DwPupu.debug.xcconfig */;
			buildSettings = {
				ASSETCATALOG_COMPILER_APPICON_NAME = AppIcon;
				ASSETCATALOG_COMPILER_LAUNCHIMAGE_NAME = LaunchImage;
				CODE_SIGN_STYLE = Automatic;
				CURRENT_PROJECT_VERSION = 1;
				DEVELOPMENT_TEAM = L6U7BB57HF;
				INFOPLIST_FILE = DwPupu/Assets/Info.plist;
				LD_RUNPATH_SEARCH_PATHS = (
					"$(inherited)",
					"@executable_path/Frameworks",
				);
				MARKETING_VERSION = 1.0.1;
				PRODUCT_BUNDLE_IDENTIFIER = com.davidandty.DwPupu;
				PRODUCT_NAME = "仿朴朴";
				SWIFT_VERSION = 5.0;
				TARGETED_DEVICE_FAMILY = "1,2";
			};
			name = Debug;
		};
		A6C08A39241F9F0700C6863B /* Release */ = {
			isa = XCBuildConfiguration;
			baseConfigurationReference = 6F34807880DDDEC8F32458BA /* Pods-DwPupuAbstract-DwPupu.release.xcconfig */;
			buildSettings = {
				ASSETCATALOG_COMPILER_APPICON_NAME = AppIcon;
				ASSETCATALOG_COMPILER_LAUNCHIMAGE_NAME = LaunchImage;
				CODE_SIGN_STYLE = Automatic;
				CURRENT_PROJECT_VERSION = 1;
				DEVELOPMENT_TEAM = L6U7BB57HF;
				INFOPLIST_FILE = DwPupu/Assets/Info.plist;
				LD_RUNPATH_SEARCH_PATHS = (
					"$(inherited)",
					"@executable_path/Frameworks",
				);
				MARKETING_VERSION = 1.0.1;
				PRODUCT_BUNDLE_IDENTIFIER = com.davidandty.DwPupu;
				PRODUCT_NAME = "仿朴朴";
				SWIFT_VERSION = 5.0;
				TARGETED_DEVICE_FAMILY = "1,2";
			};
			name = Release;
		};
/* End XCBuildConfiguration section */

/* Begin XCConfigurationList section */
		A64F80C424299A2200DD232E /* Build configuration list for PBXNativeTarget "DwPupuTests" */ = {
			isa = XCConfigurationList;
			buildConfigurations = (
				A64F80C224299A2200DD232E /* Debug */,
				A64F80C324299A2200DD232E /* Release */,
			);
			defaultConfigurationIsVisible = 0;
			defaultConfigurationName = Release;
		};
		A6C08A08241F9F0300C6863B /* Build configuration list for PBXProject "DwPupu" */ = {
			isa = XCConfigurationList;
			buildConfigurations = (
				A6C08A35241F9F0700C6863B /* Debug */,
				A6C08A36241F9F0700C6863B /* Release */,
			);
			defaultConfigurationIsVisible = 0;
			defaultConfigurationName = Release;
		};
		A6C08A37241F9F0700C6863B /* Build configuration list for PBXNativeTarget "DwPupu" */ = {
			isa = XCConfigurationList;
			buildConfigurations = (
				A6C08A38241F9F0700C6863B /* Debug */,
				A6C08A39241F9F0700C6863B /* Release */,
			);
			defaultConfigurationIsVisible = 0;
			defaultConfigurationName = Release;
		};
/* End XCConfigurationList section */
	};
	rootObject = A6C08A05241F9F0300C6863B /* Project object */;
}
